
Microsoft Visual Studio Solution File, Format Version 12.00
# Visual Studio Version 16
VisualStudioVersion = 16.0.29201.188
MinimumVisualStudioVersion = 10.0.40219.1
Project("{FAE04EC0-301F-11D3-BF4B-00C04F79EFBC}") = "UpdateHelper", "UpdateHelper\UpdateHelper.csproj", "{C605D597-D32B-41D9-B471-0B6EE6019328}"
EndProject
Global
	GlobalSection(SolutionConfigurationPlatforms) = preSolution
		Debug|Any CPU = Debug|Any CPU
		Release|Any CPU = Release|Any CPU
	EndGlobalSection
	GlobalSection(ProjectConfigurationPlatforms) = postSolution
		{C605D597-D32B-41D9-B471-0B6EE6019328}.Debug|Any CPU.ActiveCfg = Debug|Any CPU
		{C605D597-D32B-41D9-B471-0B6EE6019328}.Debug|Any CPU.Build.0 = Debug|Any CPU
		{C605D597-D32B-41D9-B471-0B6EE6019328}.Release|Any CPU.ActiveCfg = Release|Any CPU
		{C605D597-D32B-41D9-B471-0B6EE6019328}.Release|Any CPU.Build.0 = Release|Any CPU
	EndGlobalSection
	GlobalSection(SolutionProperties) = preSolution
		HideSolutionNode = FALSE
	EndGlobalSection
	GlobalSection(ExtensibilityGlobals) = postSolution
		SolutionGuid = {C90730E3-96CA-47F9-B051-25213CC46E8A}
	EndGlobalSection
EndGlobal
