
Microsoft Visual Studio Solution File, Format Version 12.00
# Visual Studio 2012
Project("{FAE04EC0-301F-11D3-BF4B-00C04F79EFBC}") = "Buffalo2012.DB", "Buffalo.DB\Buffalo2012.DB.csproj", "{9B0043E4-883B-47BA-9A5A-5110C8583902}"
EndProject
Project("{FAE04EC0-301F-11D3-BF4B-00C04F79EFBC}") = "Buffalo2012.DBTools", "Buffalo.DBTools\Buffalo2012.DBTools.csproj", "{7A6773F7-7D53-4DF1-8BF4-D1E6634DB61B}"
EndProject
Project("{FAE04EC0-301F-11D3-BF4B-00C04F79EFBC}") = "Buffalo2012.Kernel", "Buffalo.Kernel\Buffalo2012.Kernel.csproj", "{6EC04216-A422-4751-AA81-1211DCB10BAB}"
EndProject
Project("{FAE04EC0-301F-11D3-BF4B-00C04F79EFBC}") = "Buffalo2012.WebKernel", "Buffalo.WebKernel\Buffalo2012.WebKernel.csproj", "{CBD39541-7A26-4C92-A369-0F2DF5D13030}"
EndProject
Project("{FAE04EC0-301F-11D3-BF4B-00C04F79EFBC}") = "Buffalo2012.Win32Kernel", "Buffalo.Win32Kernel\Buffalo2012.Win32Kernel.csproj", "{48492BAD-6312-4A80-A660-C0DA04957227}"
EndProject
Project("{FAE04EC0-301F-11D3-BF4B-00C04F79EFBC}") = "Buffalo2012.WinFormsControl", "Buffalo.WinFormsControl\Buffalo2012.WinFormsControl.csproj", "{E7808223-2E0F-44C3-A39D-26CF22A9D946}"
EndProject
Project("{FAE04EC0-301F-11D3-BF4B-00C04F79EFBC}") = "Buffalo2012.GeneratorInfo", "Buffalo.GeneratorInfo\Buffalo2012.GeneratorInfo.csproj", "{6320C7DC-D4AE-4EA5-A2AB-B08B59062868}"
EndProject
Project("{FAE04EC0-301F-11D3-BF4B-00C04F79EFBC}") = "Buffalo2012.QueryCache", "Buffalo.QueryCache\Buffalo2012.QueryCache.csproj", "{5EB31887-9134-43AC-A83D-90DC3C66AF0F}"
EndProject
Project("{2150E333-8FDC-42A3-9474-1A3956D46DE8}") = "Buffalo.Data", "Buffalo.Data", "{310BE026-0847-487F-B774-E3F38F9A6278}"
EndProject
Project("{FAE04EC0-301F-11D3-BF4B-00C04F79EFBC}") = "Buffalo2012.Data.DB2", "Buffalo.Data.DB2\Buffalo2012.Data.DB2.csproj", "{421A6AF4-DE30-47D4-9AA1-4B573A31C5F3}"
EndProject
Project("{FAE04EC0-301F-11D3-BF4B-00C04F79EFBC}") = "Buffalo2012.Data.MySQL", "Buffalo.Data.MySQL\Buffalo2012.Data.MySQL.csproj", "{687614C3-2681-403A-998A-ADA65E02EA64}"
EndProject
Project("{FAE04EC0-301F-11D3-BF4B-00C04F79EFBC}") = "Buffalo2012.Data.PostgreSQL", "Buffalo.Data.PostgreSQL\Buffalo2012.Data.PostgreSQL.csproj", "{EF96EA11-C57A-4DE0-97F7-1AB7E20CA0BD}"
EndProject
Project("{FAE04EC0-301F-11D3-BF4B-00C04F79EFBC}") = "Buffalo2012.Data.SQLite", "Buffalo.Data.SQLite\Buffalo2012.Data.SQLite.csproj", "{D7CA14C3-1869-4928-91E4-3584DE3823C2}"
EndProject
Project("{FAE04EC0-301F-11D3-BF4B-00C04F79EFBC}") = "Buffalo2012.ArgCommon", "Buffalo.ArgCommon\Buffalo2012.ArgCommon.csproj", "{584F95B4-461A-4D50-8294-9147364E1945}"
EndProject
Project("{FAE04EC0-301F-11D3-BF4B-00C04F79EFBC}") = "Buffalo2012.Storage", "Buffalo.Storage\Buffalo2012.Storage.csproj", "{1BBB9409-A9EA-48E4-BFF5-C97EB4017283}"
EndProject
Project("{FAE04EC0-301F-11D3-BF4B-00C04F79EFBC}") = "Buffalo2012.Data.Oracle", "Buffalo.Data.Oracle12\Buffalo2012.Data.Oracle.csproj", "{3C96896E-D0F5-4A57-BE6E-7D0E4CA16728}"
EndProject
Project("{FAE04EC0-301F-11D3-BF4B-00C04F79EFBC}") = "Buffalo2012.MongoDB", "Buffalo.MongoDB\Buffalo2012.MongoDB.csproj", "{BE4AF0E1-9426-4F0A-9344-CDCB578C8B7C}"
EndProject
Global
	GlobalSection(SolutionConfigurationPlatforms) = preSolution
		Debug|Any CPU = Debug|Any CPU
		Release|Any CPU = Release|Any CPU
	EndGlobalSection
	GlobalSection(ProjectConfigurationPlatforms) = postSolution
		{9B0043E4-883B-47BA-9A5A-5110C8583902}.Debug|Any CPU.ActiveCfg = Debug|Any CPU
		{9B0043E4-883B-47BA-9A5A-5110C8583902}.Debug|Any CPU.Build.0 = Debug|Any CPU
		{9B0043E4-883B-47BA-9A5A-5110C8583902}.Release|Any CPU.ActiveCfg = Release|Any CPU
		{9B0043E4-883B-47BA-9A5A-5110C8583902}.Release|Any CPU.Build.0 = Release|Any CPU
		{7A6773F7-7D53-4DF1-8BF4-D1E6634DB61B}.Debug|Any CPU.ActiveCfg = Debug|Any CPU
		{7A6773F7-7D53-4DF1-8BF4-D1E6634DB61B}.Debug|Any CPU.Build.0 = Debug|Any CPU
		{7A6773F7-7D53-4DF1-8BF4-D1E6634DB61B}.Release|Any CPU.ActiveCfg = Release|Any CPU
		{7A6773F7-7D53-4DF1-8BF4-D1E6634DB61B}.Release|Any CPU.Build.0 = Release|Any CPU
		{6EC04216-A422-4751-AA81-1211DCB10BAB}.Debug|Any CPU.ActiveCfg = Debug|Any CPU
		{6EC04216-A422-4751-AA81-1211DCB10BAB}.Debug|Any CPU.Build.0 = Debug|Any CPU
		{6EC04216-A422-4751-AA81-1211DCB10BAB}.Release|Any CPU.ActiveCfg = Release|Any CPU
		{6EC04216-A422-4751-AA81-1211DCB10BAB}.Release|Any CPU.Build.0 = Release|Any CPU
		{CBD39541-7A26-4C92-A369-0F2DF5D13030}.Debug|Any CPU.ActiveCfg = Debug|Any CPU
		{CBD39541-7A26-4C92-A369-0F2DF5D13030}.Debug|Any CPU.Build.0 = Debug|Any CPU
		{CBD39541-7A26-4C92-A369-0F2DF5D13030}.Release|Any CPU.ActiveCfg = Release|Any CPU
		{CBD39541-7A26-4C92-A369-0F2DF5D13030}.Release|Any CPU.Build.0 = Release|Any CPU
		{48492BAD-6312-4A80-A660-C0DA04957227}.Debug|Any CPU.ActiveCfg = Debug|Any CPU
		{48492BAD-6312-4A80-A660-C0DA04957227}.Debug|Any CPU.Build.0 = Debug|Any CPU
		{48492BAD-6312-4A80-A660-C0DA04957227}.Release|Any CPU.ActiveCfg = Release|Any CPU
		{48492BAD-6312-4A80-A660-C0DA04957227}.Release|Any CPU.Build.0 = Release|Any CPU
		{E7808223-2E0F-44C3-A39D-26CF22A9D946}.Debug|Any CPU.ActiveCfg = Debug|Any CPU
		{E7808223-2E0F-44C3-A39D-26CF22A9D946}.Debug|Any CPU.Build.0 = Debug|Any CPU
		{E7808223-2E0F-44C3-A39D-26CF22A9D946}.Release|Any CPU.ActiveCfg = Release|Any CPU
		{E7808223-2E0F-44C3-A39D-26CF22A9D946}.Release|Any CPU.Build.0 = Release|Any CPU
		{6320C7DC-D4AE-4EA5-A2AB-B08B59062868}.Debug|Any CPU.ActiveCfg = Debug|Any CPU
		{6320C7DC-D4AE-4EA5-A2AB-B08B59062868}.Debug|Any CPU.Build.0 = Debug|Any CPU
		{6320C7DC-D4AE-4EA5-A2AB-B08B59062868}.Release|Any CPU.ActiveCfg = Release|Any CPU
		{6320C7DC-D4AE-4EA5-A2AB-B08B59062868}.Release|Any CPU.Build.0 = Release|Any CPU
		{5EB31887-9134-43AC-A83D-90DC3C66AF0F}.Debug|Any CPU.ActiveCfg = Debug|Any CPU
		{5EB31887-9134-43AC-A83D-90DC3C66AF0F}.Debug|Any CPU.Build.0 = Debug|Any CPU
		{5EB31887-9134-43AC-A83D-90DC3C66AF0F}.Release|Any CPU.ActiveCfg = Release|Any CPU
		{5EB31887-9134-43AC-A83D-90DC3C66AF0F}.Release|Any CPU.Build.0 = Release|Any CPU
		{421A6AF4-DE30-47D4-9AA1-4B573A31C5F3}.Debug|Any CPU.ActiveCfg = Debug|Any CPU
		{421A6AF4-DE30-47D4-9AA1-4B573A31C5F3}.Debug|Any CPU.Build.0 = Debug|Any CPU
		{421A6AF4-DE30-47D4-9AA1-4B573A31C5F3}.Release|Any CPU.ActiveCfg = Release|Any CPU
		{421A6AF4-DE30-47D4-9AA1-4B573A31C5F3}.Release|Any CPU.Build.0 = Release|Any CPU
		{687614C3-2681-403A-998A-ADA65E02EA64}.Debug|Any CPU.ActiveCfg = Debug|Any CPU
		{687614C3-2681-403A-998A-ADA65E02EA64}.Debug|Any CPU.Build.0 = Debug|Any CPU
		{687614C3-2681-403A-998A-ADA65E02EA64}.Release|Any CPU.ActiveCfg = Release|Any CPU
		{687614C3-2681-403A-998A-ADA65E02EA64}.Release|Any CPU.Build.0 = Release|Any CPU
		{EF96EA11-C57A-4DE0-97F7-1AB7E20CA0BD}.Debug|Any CPU.ActiveCfg = Debug|Any CPU
		{EF96EA11-C57A-4DE0-97F7-1AB7E20CA0BD}.Debug|Any CPU.Build.0 = Debug|Any CPU
		{EF96EA11-C57A-4DE0-97F7-1AB7E20CA0BD}.Release|Any CPU.ActiveCfg = Release|Any CPU
		{EF96EA11-C57A-4DE0-97F7-1AB7E20CA0BD}.Release|Any CPU.Build.0 = Release|Any CPU
		{D7CA14C3-1869-4928-91E4-3584DE3823C2}.Debug|Any CPU.ActiveCfg = Debug|Any CPU
		{D7CA14C3-1869-4928-91E4-3584DE3823C2}.Debug|Any CPU.Build.0 = Debug|Any CPU
		{D7CA14C3-1869-4928-91E4-3584DE3823C2}.Release|Any CPU.ActiveCfg = Release|Any CPU
		{D7CA14C3-1869-4928-91E4-3584DE3823C2}.Release|Any CPU.Build.0 = Release|Any CPU
		{584F95B4-461A-4D50-8294-9147364E1945}.Debug|Any CPU.ActiveCfg = Debug|Any CPU
		{584F95B4-461A-4D50-8294-9147364E1945}.Debug|Any CPU.Build.0 = Debug|Any CPU
		{584F95B4-461A-4D50-8294-9147364E1945}.Release|Any CPU.ActiveCfg = Release|Any CPU
		{584F95B4-461A-4D50-8294-9147364E1945}.Release|Any CPU.Build.0 = Release|Any CPU
		{1BBB9409-A9EA-48E4-BFF5-C97EB4017283}.Debug|Any CPU.ActiveCfg = Debug|Any CPU
		{1BBB9409-A9EA-48E4-BFF5-C97EB4017283}.Debug|Any CPU.Build.0 = Debug|Any CPU
		{1BBB9409-A9EA-48E4-BFF5-C97EB4017283}.Release|Any CPU.ActiveCfg = Release|Any CPU
		{1BBB9409-A9EA-48E4-BFF5-C97EB4017283}.Release|Any CPU.Build.0 = Release|Any CPU
		{3C96896E-D0F5-4A57-BE6E-7D0E4CA16728}.Debug|Any CPU.ActiveCfg = Debug|Any CPU
		{3C96896E-D0F5-4A57-BE6E-7D0E4CA16728}.Debug|Any CPU.Build.0 = Debug|Any CPU
		{3C96896E-D0F5-4A57-BE6E-7D0E4CA16728}.Release|Any CPU.ActiveCfg = Release|Any CPU
		{3C96896E-D0F5-4A57-BE6E-7D0E4CA16728}.Release|Any CPU.Build.0 = Release|Any CPU
		{BE4AF0E1-9426-4F0A-9344-CDCB578C8B7C}.Debug|Any CPU.ActiveCfg = Debug|Any CPU
		{BE4AF0E1-9426-4F0A-9344-CDCB578C8B7C}.Debug|Any CPU.Build.0 = Debug|Any CPU
		{BE4AF0E1-9426-4F0A-9344-CDCB578C8B7C}.Release|Any CPU.ActiveCfg = Release|Any CPU
		{BE4AF0E1-9426-4F0A-9344-CDCB578C8B7C}.Release|Any CPU.Build.0 = Release|Any CPU
	EndGlobalSection
	GlobalSection(SolutionProperties) = preSolution
		HideSolutionNode = FALSE
	EndGlobalSection
	GlobalSection(NestedProjects) = preSolution
		{421A6AF4-DE30-47D4-9AA1-4B573A31C5F3} = {310BE026-0847-487F-B774-E3F38F9A6278}
		{687614C3-2681-403A-998A-ADA65E02EA64} = {310BE026-0847-487F-B774-E3F38F9A6278}
		{EF96EA11-C57A-4DE0-97F7-1AB7E20CA0BD} = {310BE026-0847-487F-B774-E3F38F9A6278}
		{D7CA14C3-1869-4928-91E4-3584DE3823C2} = {310BE026-0847-487F-B774-E3F38F9A6278}
		{3C96896E-D0F5-4A57-BE6E-7D0E4CA16728} = {310BE026-0847-487F-B774-E3F38F9A6278}
	EndGlobalSection
EndGlobal
