
Microsoft Visual Studio Solution File, Format Version 9.00
# Visual Studio 2005
Project("{FAE04EC0-301F-11D3-BF4B-00C04F79EFBC}") = "Buffalo.DB", "Buffalo.DB\Buffalo.DB.csproj", "{9B0043E4-883B-47BA-9A5A-5110C8583902}"
EndProject
Project("{FAE04EC0-301F-11D3-BF4B-00C04F79EFBC}") = "Buffalo.Kernel", "Buffalo.Kernel\Buffalo.Kernel.csproj", "{6EC04216-A422-4751-AA81-1211DCB10BAB}"
EndProject
Project("{FAE04EC0-301F-11D3-BF4B-00C04F79EFBC}") = "Buffalo.WebKernel", "Buffalo.WebKernel\Buffalo.WebKernel.csproj", "{CBD39541-7A26-4C92-A369-0F2DF5D13030}"
EndProject
Project("{2150E333-8FDC-42A3-9474-1A3956D46DE8}") = "Buffalo.Adapters", "Buffalo.Adapters", "{43C76EDA-C691-4437-AB71-0CEB682DC5C3}"
EndProject
Project("{FAE04EC0-301F-11D3-BF4B-00C04F79EFBC}") = "Buffalo.Data.SQLite", "Buffalo.Data.SQLite\Buffalo.Data.SQLite.csproj", "{D7CA14C3-1869-4928-91E4-3584DE3823C2}"
EndProject
Project("{FAE04EC0-301F-11D3-BF4B-00C04F79EFBC}") = "Buffalo.Data.DB2", "Buffalo.Data.DB2\Buffalo.Data.DB2.csproj", "{421A6AF4-DE30-47D4-9AA1-4B573A31C5F3}"
EndProject
Project("{FAE04EC0-301F-11D3-BF4B-00C04F79EFBC}") = "Buffalo.Data.MySQL", "Buffalo.Data.MySQL\Buffalo.Data.MySQL.csproj", "{687614C3-2681-403A-998A-ADA65E02EA64}"
EndProject
Project("{FAE04EC0-301F-11D3-BF4B-00C04F79EFBC}") = "Buffalo.Data.PostgreSQL", "Buffalo.Data.PostgreSQL\Buffalo.Data.PostgreSQL.csproj", "{EF96EA11-C57A-4DE0-97F7-1AB7E20CA0BD}"
EndProject
Project("{FAE04EC0-301F-11D3-BF4B-00C04F79EFBC}") = "Buffalo.Data.SQLite1066", "Buffalo.Data.SQLite\Buffalo.Data.SQLite1066.csproj", "{72ED840C-2A14-4EBD-A20D-4D66623EE16D}"
EndProject
Project("{FAE04EC0-301F-11D3-BF4B-00C04F79EFBC}") = "Buffalo.Win32Kernel", "Buffalo.Win32Kernel\Buffalo.Win32Kernel.csproj", "{48492BAD-6312-4A80-A660-C0DA04957227}"
EndProject
Project("{FAE04EC0-301F-11D3-BF4B-00C04F79EFBC}") = "Buffalo.WinFormsControl", "Buffalo.WinFormsControl\Buffalo.WinFormsControl.csproj", "{E7808223-2E0F-44C3-A39D-26CF22A9D946}"
EndProject
Project("{FAE04EC0-301F-11D3-BF4B-00C04F79EFBC}") = "Buffalo.GeneratorInfo", "Buffalo.GeneratorInfo\Buffalo.GeneratorInfo.csproj", "{6320C7DC-D4AE-4EA5-A2AB-B08B59062868}"
EndProject
Project("{FAE04EC0-301F-11D3-BF4B-00C04F79EFBC}") = "Buffalo.DBTools", "Buffalo.DBTools\Buffalo.DBTools.csproj", "{C7D75F1D-BBEE-4DCD-8967-2C1697E3945E}"
EndProject
Project("{FAE04EC0-301F-11D3-BF4B-00C04F79EFBC}") = "Buffalo.WebControls", "Buffalo.WebControls\Buffalo.WebControls.csproj", "{533404A2-5255-478A-9F57-F4C37EBD6DBF}"
EndProject
Project("{FAE04EC0-301F-11D3-BF4B-00C04F79EFBC}") = "Buffalo.Data.SQLite.X64", "Buffalo.Data.SQLite\Buffalo.Data.SQLite.X64.csproj", "{3D53319F-718D-40DF-83DB-7C6409A469AF}"
EndProject
Project("{2150E333-8FDC-42A3-9474-1A3956D46DE8}") = "SQLite", "SQLite", "{4E2552E2-EB7E-44FE-8821-73434CC7FF23}"
EndProject
Project("{FAE04EC0-301F-11D3-BF4B-00C04F79EFBC}") = "Buffalo.Data.SQLite1066.X64", "Buffalo.Data.SQLite\Buffalo.Data.SQLite1066.X64.csproj", "{7BF5C444-7A98-41C3-AF1E-403AB5DBB117}"
EndProject
Project("{2150E333-8FDC-42A3-9474-1A3956D46DE8}") = "Oracle", "Oracle", "{E3018520-23CA-4C32-B492-38F5F8895458}"
EndProject
Project("{FAE04EC0-301F-11D3-BF4B-00C04F79EFBC}") = "Buffalo.Data.Oracle12", "Buffalo.Data.Oracle12\Buffalo.Data.Oracle12.csproj", "{481A477B-AF05-48F7-ADF3-34FF703D8366}"
EndProject
Project("{FAE04EC0-301F-11D3-BF4B-00C04F79EFBC}") = "Buffalo.Data.Oracle12.X64", "Buffalo.Data.Oracle12\Buffalo.Data.Oracle12.X64.csproj", "{22A81FF4-0737-4092-ACB0-830E4A065EDD}"
EndProject
Project("{FAE04EC0-301F-11D3-BF4B-00C04F79EFBC}") = "Buffalo.Data.Oracle11", "Buffalo.Data.Oracle12\Buffalo.Data.Oracle11.csproj", "{8544FC00-4410-46C1-A977-562D273E64F1}"
EndProject
Project("{FAE04EC0-301F-11D3-BF4B-00C04F79EFBC}") = "Buffalo.Data.Oracle11.X64", "Buffalo.Data.Oracle12\Buffalo.Data.Oracle11.X64.csproj", "{4FD7AEC2-A074-45FF-AAC1-818F74F50A96}"
EndProject
Global
	GlobalSection(SolutionConfigurationPlatforms) = preSolution
		Debug|.NET = Debug|.NET
		Debug|Any CPU = Debug|Any CPU
		Debug|Mixed Platforms = Debug|Mixed Platforms
		Release|.NET = Release|.NET
		Release|Any CPU = Release|Any CPU
		Release|Mixed Platforms = Release|Mixed Platforms
	EndGlobalSection
	GlobalSection(ProjectConfigurationPlatforms) = postSolution
		{9B0043E4-883B-47BA-9A5A-5110C8583902}.Debug|.NET.ActiveCfg = Debug|Any CPU
		{9B0043E4-883B-47BA-9A5A-5110C8583902}.Debug|Any CPU.ActiveCfg = Debug|Any CPU
		{9B0043E4-883B-47BA-9A5A-5110C8583902}.Debug|Any CPU.Build.0 = Debug|Any CPU
		{9B0043E4-883B-47BA-9A5A-5110C8583902}.Debug|Mixed Platforms.ActiveCfg = Debug|Any CPU
		{9B0043E4-883B-47BA-9A5A-5110C8583902}.Debug|Mixed Platforms.Build.0 = Debug|Any CPU
		{9B0043E4-883B-47BA-9A5A-5110C8583902}.Release|.NET.ActiveCfg = Release|Any CPU
		{9B0043E4-883B-47BA-9A5A-5110C8583902}.Release|Any CPU.ActiveCfg = Release|Any CPU
		{9B0043E4-883B-47BA-9A5A-5110C8583902}.Release|Any CPU.Build.0 = Release|Any CPU
		{9B0043E4-883B-47BA-9A5A-5110C8583902}.Release|Mixed Platforms.ActiveCfg = Release|Any CPU
		{9B0043E4-883B-47BA-9A5A-5110C8583902}.Release|Mixed Platforms.Build.0 = Release|Any CPU
		{6EC04216-A422-4751-AA81-1211DCB10BAB}.Debug|.NET.ActiveCfg = Debug|Any CPU
		{6EC04216-A422-4751-AA81-1211DCB10BAB}.Debug|Any CPU.ActiveCfg = Debug|Any CPU
		{6EC04216-A422-4751-AA81-1211DCB10BAB}.Debug|Any CPU.Build.0 = Debug|Any CPU
		{6EC04216-A422-4751-AA81-1211DCB10BAB}.Debug|Mixed Platforms.ActiveCfg = Debug|Any CPU
		{6EC04216-A422-4751-AA81-1211DCB10BAB}.Debug|Mixed Platforms.Build.0 = Debug|Any CPU
		{6EC04216-A422-4751-AA81-1211DCB10BAB}.Release|.NET.ActiveCfg = Release|Any CPU
		{6EC04216-A422-4751-AA81-1211DCB10BAB}.Release|Any CPU.ActiveCfg = Release|Any CPU
		{6EC04216-A422-4751-AA81-1211DCB10BAB}.Release|Any CPU.Build.0 = Release|Any CPU
		{6EC04216-A422-4751-AA81-1211DCB10BAB}.Release|Mixed Platforms.ActiveCfg = Release|Any CPU
		{6EC04216-A422-4751-AA81-1211DCB10BAB}.Release|Mixed Platforms.Build.0 = Release|Any CPU
		{CBD39541-7A26-4C92-A369-0F2DF5D13030}.Debug|.NET.ActiveCfg = Debug|Any CPU
		{CBD39541-7A26-4C92-A369-0F2DF5D13030}.Debug|Any CPU.ActiveCfg = Debug|Any CPU
		{CBD39541-7A26-4C92-A369-0F2DF5D13030}.Debug|Any CPU.Build.0 = Debug|Any CPU
		{CBD39541-7A26-4C92-A369-0F2DF5D13030}.Debug|Mixed Platforms.ActiveCfg = Debug|Any CPU
		{CBD39541-7A26-4C92-A369-0F2DF5D13030}.Debug|Mixed Platforms.Build.0 = Debug|Any CPU
		{CBD39541-7A26-4C92-A369-0F2DF5D13030}.Release|.NET.ActiveCfg = Release|Any CPU
		{CBD39541-7A26-4C92-A369-0F2DF5D13030}.Release|Any CPU.ActiveCfg = Release|Any CPU
		{CBD39541-7A26-4C92-A369-0F2DF5D13030}.Release|Any CPU.Build.0 = Release|Any CPU
		{CBD39541-7A26-4C92-A369-0F2DF5D13030}.Release|Mixed Platforms.ActiveCfg = Release|Any CPU
		{CBD39541-7A26-4C92-A369-0F2DF5D13030}.Release|Mixed Platforms.Build.0 = Release|Any CPU
		{D7CA14C3-1869-4928-91E4-3584DE3823C2}.Debug|.NET.ActiveCfg = Debug|Any CPU
		{D7CA14C3-1869-4928-91E4-3584DE3823C2}.Debug|Any CPU.ActiveCfg = Debug|Any CPU
		{D7CA14C3-1869-4928-91E4-3584DE3823C2}.Debug|Any CPU.Build.0 = Debug|Any CPU
		{D7CA14C3-1869-4928-91E4-3584DE3823C2}.Debug|Mixed Platforms.ActiveCfg = Debug|Any CPU
		{D7CA14C3-1869-4928-91E4-3584DE3823C2}.Debug|Mixed Platforms.Build.0 = Debug|Any CPU
		{D7CA14C3-1869-4928-91E4-3584DE3823C2}.Release|.NET.ActiveCfg = Release|Any CPU
		{D7CA14C3-1869-4928-91E4-3584DE3823C2}.Release|Any CPU.ActiveCfg = Release|Any CPU
		{D7CA14C3-1869-4928-91E4-3584DE3823C2}.Release|Any CPU.Build.0 = Release|Any CPU
		{D7CA14C3-1869-4928-91E4-3584DE3823C2}.Release|Mixed Platforms.ActiveCfg = Release|Any CPU
		{D7CA14C3-1869-4928-91E4-3584DE3823C2}.Release|Mixed Platforms.Build.0 = Release|Any CPU
		{421A6AF4-DE30-47D4-9AA1-4B573A31C5F3}.Debug|.NET.ActiveCfg = Debug|Any CPU
		{421A6AF4-DE30-47D4-9AA1-4B573A31C5F3}.Debug|Any CPU.ActiveCfg = Debug|Any CPU
		{421A6AF4-DE30-47D4-9AA1-4B573A31C5F3}.Debug|Any CPU.Build.0 = Debug|Any CPU
		{421A6AF4-DE30-47D4-9AA1-4B573A31C5F3}.Debug|Mixed Platforms.ActiveCfg = Debug|Any CPU
		{421A6AF4-DE30-47D4-9AA1-4B573A31C5F3}.Debug|Mixed Platforms.Build.0 = Debug|Any CPU
		{421A6AF4-DE30-47D4-9AA1-4B573A31C5F3}.Release|.NET.ActiveCfg = Release|Any CPU
		{421A6AF4-DE30-47D4-9AA1-4B573A31C5F3}.Release|Any CPU.ActiveCfg = Release|Any CPU
		{421A6AF4-DE30-47D4-9AA1-4B573A31C5F3}.Release|Any CPU.Build.0 = Release|Any CPU
		{421A6AF4-DE30-47D4-9AA1-4B573A31C5F3}.Release|Mixed Platforms.ActiveCfg = Release|Any CPU
		{421A6AF4-DE30-47D4-9AA1-4B573A31C5F3}.Release|Mixed Platforms.Build.0 = Release|Any CPU
		{687614C3-2681-403A-998A-ADA65E02EA64}.Debug|.NET.ActiveCfg = Debug|Any CPU
		{687614C3-2681-403A-998A-ADA65E02EA64}.Debug|Any CPU.ActiveCfg = Debug|Any CPU
		{687614C3-2681-403A-998A-ADA65E02EA64}.Debug|Any CPU.Build.0 = Debug|Any CPU
		{687614C3-2681-403A-998A-ADA65E02EA64}.Debug|Mixed Platforms.ActiveCfg = Debug|Any CPU
		{687614C3-2681-403A-998A-ADA65E02EA64}.Debug|Mixed Platforms.Build.0 = Debug|Any CPU
		{687614C3-2681-403A-998A-ADA65E02EA64}.Release|.NET.ActiveCfg = Release|Any CPU
		{687614C3-2681-403A-998A-ADA65E02EA64}.Release|Any CPU.ActiveCfg = Release|Any CPU
		{687614C3-2681-403A-998A-ADA65E02EA64}.Release|Any CPU.Build.0 = Release|Any CPU
		{687614C3-2681-403A-998A-ADA65E02EA64}.Release|Mixed Platforms.ActiveCfg = Release|Any CPU
		{687614C3-2681-403A-998A-ADA65E02EA64}.Release|Mixed Platforms.Build.0 = Release|Any CPU
		{EF96EA11-C57A-4DE0-97F7-1AB7E20CA0BD}.Debug|.NET.ActiveCfg = Debug|Any CPU
		{EF96EA11-C57A-4DE0-97F7-1AB7E20CA0BD}.Debug|Any CPU.ActiveCfg = Debug|Any CPU
		{EF96EA11-C57A-4DE0-97F7-1AB7E20CA0BD}.Debug|Any CPU.Build.0 = Debug|Any CPU
		{EF96EA11-C57A-4DE0-97F7-1AB7E20CA0BD}.Debug|Mixed Platforms.ActiveCfg = Debug|Any CPU
		{EF96EA11-C57A-4DE0-97F7-1AB7E20CA0BD}.Debug|Mixed Platforms.Build.0 = Debug|Any CPU
		{EF96EA11-C57A-4DE0-97F7-1AB7E20CA0BD}.Release|.NET.ActiveCfg = Release|Any CPU
		{EF96EA11-C57A-4DE0-97F7-1AB7E20CA0BD}.Release|Any CPU.ActiveCfg = Release|Any CPU
		{EF96EA11-C57A-4DE0-97F7-1AB7E20CA0BD}.Release|Any CPU.Build.0 = Release|Any CPU
		{EF96EA11-C57A-4DE0-97F7-1AB7E20CA0BD}.Release|Mixed Platforms.ActiveCfg = Release|Any CPU
		{EF96EA11-C57A-4DE0-97F7-1AB7E20CA0BD}.Release|Mixed Platforms.Build.0 = Release|Any CPU
		{72ED840C-2A14-4EBD-A20D-4D66623EE16D}.Debug|.NET.ActiveCfg = Debug|Any CPU
		{72ED840C-2A14-4EBD-A20D-4D66623EE16D}.Debug|Any CPU.ActiveCfg = Debug|Any CPU
		{72ED840C-2A14-4EBD-A20D-4D66623EE16D}.Debug|Any CPU.Build.0 = Debug|Any CPU
		{72ED840C-2A14-4EBD-A20D-4D66623EE16D}.Debug|Mixed Platforms.ActiveCfg = Debug|Any CPU
		{72ED840C-2A14-4EBD-A20D-4D66623EE16D}.Debug|Mixed Platforms.Build.0 = Debug|Any CPU
		{72ED840C-2A14-4EBD-A20D-4D66623EE16D}.Release|.NET.ActiveCfg = Release|Any CPU
		{72ED840C-2A14-4EBD-A20D-4D66623EE16D}.Release|Any CPU.ActiveCfg = Release|Any CPU
		{72ED840C-2A14-4EBD-A20D-4D66623EE16D}.Release|Any CPU.Build.0 = Release|Any CPU
		{72ED840C-2A14-4EBD-A20D-4D66623EE16D}.Release|Mixed Platforms.ActiveCfg = Release|Any CPU
		{72ED840C-2A14-4EBD-A20D-4D66623EE16D}.Release|Mixed Platforms.Build.0 = Release|Any CPU
		{48492BAD-6312-4A80-A660-C0DA04957227}.Debug|.NET.ActiveCfg = Debug|Any CPU
		{48492BAD-6312-4A80-A660-C0DA04957227}.Debug|Any CPU.ActiveCfg = Debug|Any CPU
		{48492BAD-6312-4A80-A660-C0DA04957227}.Debug|Any CPU.Build.0 = Debug|Any CPU
		{48492BAD-6312-4A80-A660-C0DA04957227}.Debug|Mixed Platforms.ActiveCfg = Debug|Any CPU
		{48492BAD-6312-4A80-A660-C0DA04957227}.Debug|Mixed Platforms.Build.0 = Debug|Any CPU
		{48492BAD-6312-4A80-A660-C0DA04957227}.Release|.NET.ActiveCfg = Release|Any CPU
		{48492BAD-6312-4A80-A660-C0DA04957227}.Release|Any CPU.ActiveCfg = Release|Any CPU
		{48492BAD-6312-4A80-A660-C0DA04957227}.Release|Any CPU.Build.0 = Release|Any CPU
		{48492BAD-6312-4A80-A660-C0DA04957227}.Release|Mixed Platforms.ActiveCfg = Release|Any CPU
		{48492BAD-6312-4A80-A660-C0DA04957227}.Release|Mixed Platforms.Build.0 = Release|Any CPU
		{E7808223-2E0F-44C3-A39D-26CF22A9D946}.Debug|.NET.ActiveCfg = Debug|Any CPU
		{E7808223-2E0F-44C3-A39D-26CF22A9D946}.Debug|Any CPU.ActiveCfg = Debug|Any CPU
		{E7808223-2E0F-44C3-A39D-26CF22A9D946}.Debug|Any CPU.Build.0 = Debug|Any CPU
		{E7808223-2E0F-44C3-A39D-26CF22A9D946}.Debug|Mixed Platforms.ActiveCfg = Debug|Any CPU
		{E7808223-2E0F-44C3-A39D-26CF22A9D946}.Debug|Mixed Platforms.Build.0 = Debug|Any CPU
		{E7808223-2E0F-44C3-A39D-26CF22A9D946}.Release|.NET.ActiveCfg = Release|Any CPU
		{E7808223-2E0F-44C3-A39D-26CF22A9D946}.Release|Any CPU.ActiveCfg = Release|Any CPU
		{E7808223-2E0F-44C3-A39D-26CF22A9D946}.Release|Any CPU.Build.0 = Release|Any CPU
		{E7808223-2E0F-44C3-A39D-26CF22A9D946}.Release|Mixed Platforms.ActiveCfg = Release|Any CPU
		{E7808223-2E0F-44C3-A39D-26CF22A9D946}.Release|Mixed Platforms.Build.0 = Release|Any CPU
		{6320C7DC-D4AE-4EA5-A2AB-B08B59062868}.Debug|.NET.ActiveCfg = Debug|Any CPU
		{6320C7DC-D4AE-4EA5-A2AB-B08B59062868}.Debug|Any CPU.ActiveCfg = Debug|Any CPU
		{6320C7DC-D4AE-4EA5-A2AB-B08B59062868}.Debug|Any CPU.Build.0 = Debug|Any CPU
		{6320C7DC-D4AE-4EA5-A2AB-B08B59062868}.Debug|Mixed Platforms.ActiveCfg = Debug|Any CPU
		{6320C7DC-D4AE-4EA5-A2AB-B08B59062868}.Debug|Mixed Platforms.Build.0 = Debug|Any CPU
		{6320C7DC-D4AE-4EA5-A2AB-B08B59062868}.Release|.NET.ActiveCfg = Release|Any CPU
		{6320C7DC-D4AE-4EA5-A2AB-B08B59062868}.Release|Any CPU.ActiveCfg = Release|Any CPU
		{6320C7DC-D4AE-4EA5-A2AB-B08B59062868}.Release|Any CPU.Build.0 = Release|Any CPU
		{6320C7DC-D4AE-4EA5-A2AB-B08B59062868}.Release|Mixed Platforms.ActiveCfg = Release|Any CPU
		{6320C7DC-D4AE-4EA5-A2AB-B08B59062868}.Release|Mixed Platforms.Build.0 = Release|Any CPU
		{C7D75F1D-BBEE-4DCD-8967-2C1697E3945E}.Debug|.NET.ActiveCfg = Debug|Any CPU
		{C7D75F1D-BBEE-4DCD-8967-2C1697E3945E}.Debug|Any CPU.ActiveCfg = Debug|Any CPU
		{C7D75F1D-BBEE-4DCD-8967-2C1697E3945E}.Debug|Any CPU.Build.0 = Debug|Any CPU
		{C7D75F1D-BBEE-4DCD-8967-2C1697E3945E}.Debug|Mixed Platforms.ActiveCfg = Debug|Any CPU
		{C7D75F1D-BBEE-4DCD-8967-2C1697E3945E}.Debug|Mixed Platforms.Build.0 = Debug|Any CPU
		{C7D75F1D-BBEE-4DCD-8967-2C1697E3945E}.Release|.NET.ActiveCfg = Release|Any CPU
		{C7D75F1D-BBEE-4DCD-8967-2C1697E3945E}.Release|Any CPU.ActiveCfg = Release|Any CPU
		{C7D75F1D-BBEE-4DCD-8967-2C1697E3945E}.Release|Any CPU.Build.0 = Release|Any CPU
		{C7D75F1D-BBEE-4DCD-8967-2C1697E3945E}.Release|Mixed Platforms.ActiveCfg = Release|Any CPU
		{C7D75F1D-BBEE-4DCD-8967-2C1697E3945E}.Release|Mixed Platforms.Build.0 = Release|Any CPU
		{533404A2-5255-478A-9F57-F4C37EBD6DBF}.Debug|.NET.ActiveCfg = Debug|Any CPU
		{533404A2-5255-478A-9F57-F4C37EBD6DBF}.Debug|Any CPU.ActiveCfg = Debug|Any CPU
		{533404A2-5255-478A-9F57-F4C37EBD6DBF}.Debug|Any CPU.Build.0 = Debug|Any CPU
		{533404A2-5255-478A-9F57-F4C37EBD6DBF}.Debug|Mixed Platforms.ActiveCfg = Debug|Any CPU
		{533404A2-5255-478A-9F57-F4C37EBD6DBF}.Debug|Mixed Platforms.Build.0 = Debug|Any CPU
		{533404A2-5255-478A-9F57-F4C37EBD6DBF}.Release|.NET.ActiveCfg = Release|Any CPU
		{533404A2-5255-478A-9F57-F4C37EBD6DBF}.Release|Any CPU.ActiveCfg = Release|Any CPU
		{533404A2-5255-478A-9F57-F4C37EBD6DBF}.Release|Any CPU.Build.0 = Release|Any CPU
		{533404A2-5255-478A-9F57-F4C37EBD6DBF}.Release|Mixed Platforms.ActiveCfg = Release|Any CPU
		{533404A2-5255-478A-9F57-F4C37EBD6DBF}.Release|Mixed Platforms.Build.0 = Release|Any CPU
		{3D53319F-718D-40DF-83DB-7C6409A469AF}.Debug|.NET.ActiveCfg = Debug|Any CPU
		{3D53319F-718D-40DF-83DB-7C6409A469AF}.Debug|Any CPU.ActiveCfg = Debug|Any CPU
		{3D53319F-718D-40DF-83DB-7C6409A469AF}.Debug|Any CPU.Build.0 = Debug|Any CPU
		{3D53319F-718D-40DF-83DB-7C6409A469AF}.Debug|Mixed Platforms.ActiveCfg = Debug|Any CPU
		{3D53319F-718D-40DF-83DB-7C6409A469AF}.Debug|Mixed Platforms.Build.0 = Debug|Any CPU
		{3D53319F-718D-40DF-83DB-7C6409A469AF}.Release|.NET.ActiveCfg = Release|Any CPU
		{3D53319F-718D-40DF-83DB-7C6409A469AF}.Release|Any CPU.ActiveCfg = Release|Any CPU
		{3D53319F-718D-40DF-83DB-7C6409A469AF}.Release|Any CPU.Build.0 = Release|Any CPU
		{3D53319F-718D-40DF-83DB-7C6409A469AF}.Release|Mixed Platforms.ActiveCfg = Release|Any CPU
		{3D53319F-718D-40DF-83DB-7C6409A469AF}.Release|Mixed Platforms.Build.0 = Release|Any CPU
		{7BF5C444-7A98-41C3-AF1E-403AB5DBB117}.Debug|.NET.ActiveCfg = Debug|Any CPU
		{7BF5C444-7A98-41C3-AF1E-403AB5DBB117}.Debug|Any CPU.ActiveCfg = Debug|Any CPU
		{7BF5C444-7A98-41C3-AF1E-403AB5DBB117}.Debug|Any CPU.Build.0 = Debug|Any CPU
		{7BF5C444-7A98-41C3-AF1E-403AB5DBB117}.Debug|Mixed Platforms.ActiveCfg = Debug|Any CPU
		{7BF5C444-7A98-41C3-AF1E-403AB5DBB117}.Debug|Mixed Platforms.Build.0 = Debug|Any CPU
		{7BF5C444-7A98-41C3-AF1E-403AB5DBB117}.Release|.NET.ActiveCfg = Release|Any CPU
		{7BF5C444-7A98-41C3-AF1E-403AB5DBB117}.Release|Any CPU.ActiveCfg = Release|Any CPU
		{7BF5C444-7A98-41C3-AF1E-403AB5DBB117}.Release|Any CPU.Build.0 = Release|Any CPU
		{7BF5C444-7A98-41C3-AF1E-403AB5DBB117}.Release|Mixed Platforms.ActiveCfg = Release|Any CPU
		{7BF5C444-7A98-41C3-AF1E-403AB5DBB117}.Release|Mixed Platforms.Build.0 = Release|Any CPU
		{481A477B-AF05-48F7-ADF3-34FF703D8366}.Debug|.NET.ActiveCfg = Debug|Any CPU
		{481A477B-AF05-48F7-ADF3-34FF703D8366}.Debug|Any CPU.ActiveCfg = Debug|Any CPU
		{481A477B-AF05-48F7-ADF3-34FF703D8366}.Debug|Any CPU.Build.0 = Debug|Any CPU
		{481A477B-AF05-48F7-ADF3-34FF703D8366}.Debug|Mixed Platforms.ActiveCfg = Debug|Any CPU
		{481A477B-AF05-48F7-ADF3-34FF703D8366}.Debug|Mixed Platforms.Build.0 = Debug|Any CPU
		{481A477B-AF05-48F7-ADF3-34FF703D8366}.Release|.NET.ActiveCfg = Release|Any CPU
		{481A477B-AF05-48F7-ADF3-34FF703D8366}.Release|Any CPU.ActiveCfg = Release|Any CPU
		{481A477B-AF05-48F7-ADF3-34FF703D8366}.Release|Any CPU.Build.0 = Release|Any CPU
		{481A477B-AF05-48F7-ADF3-34FF703D8366}.Release|Mixed Platforms.ActiveCfg = Release|Any CPU
		{481A477B-AF05-48F7-ADF3-34FF703D8366}.Release|Mixed Platforms.Build.0 = Release|Any CPU
		{22A81FF4-0737-4092-ACB0-830E4A065EDD}.Debug|.NET.ActiveCfg = Debug|Any CPU
		{22A81FF4-0737-4092-ACB0-830E4A065EDD}.Debug|Any CPU.ActiveCfg = Debug|Any CPU
		{22A81FF4-0737-4092-ACB0-830E4A065EDD}.Debug|Any CPU.Build.0 = Debug|Any CPU
		{22A81FF4-0737-4092-ACB0-830E4A065EDD}.Debug|Mixed Platforms.ActiveCfg = Debug|Any CPU
		{22A81FF4-0737-4092-ACB0-830E4A065EDD}.Debug|Mixed Platforms.Build.0 = Debug|Any CPU
		{22A81FF4-0737-4092-ACB0-830E4A065EDD}.Release|.NET.ActiveCfg = Release|Any CPU
		{22A81FF4-0737-4092-ACB0-830E4A065EDD}.Release|Any CPU.ActiveCfg = Release|Any CPU
		{22A81FF4-0737-4092-ACB0-830E4A065EDD}.Release|Any CPU.Build.0 = Release|Any CPU
		{22A81FF4-0737-4092-ACB0-830E4A065EDD}.Release|Mixed Platforms.ActiveCfg = Release|Any CPU
		{22A81FF4-0737-4092-ACB0-830E4A065EDD}.Release|Mixed Platforms.Build.0 = Release|Any CPU
		{8544FC00-4410-46C1-A977-562D273E64F1}.Debug|.NET.ActiveCfg = Debug|Any CPU
		{8544FC00-4410-46C1-A977-562D273E64F1}.Debug|Any CPU.ActiveCfg = Debug|Any CPU
		{8544FC00-4410-46C1-A977-562D273E64F1}.Debug|Any CPU.Build.0 = Debug|Any CPU
		{8544FC00-4410-46C1-A977-562D273E64F1}.Debug|Mixed Platforms.ActiveCfg = Debug|Any CPU
		{8544FC00-4410-46C1-A977-562D273E64F1}.Debug|Mixed Platforms.Build.0 = Debug|Any CPU
		{8544FC00-4410-46C1-A977-562D273E64F1}.Release|.NET.ActiveCfg = Release|Any CPU
		{8544FC00-4410-46C1-A977-562D273E64F1}.Release|Any CPU.ActiveCfg = Release|Any CPU
		{8544FC00-4410-46C1-A977-562D273E64F1}.Release|Any CPU.Build.0 = Release|Any CPU
		{8544FC00-4410-46C1-A977-562D273E64F1}.Release|Mixed Platforms.ActiveCfg = Release|Any CPU
		{8544FC00-4410-46C1-A977-562D273E64F1}.Release|Mixed Platforms.Build.0 = Release|Any CPU
		{4FD7AEC2-A074-45FF-AAC1-818F74F50A96}.Debug|.NET.ActiveCfg = Debug|Any CPU
		{4FD7AEC2-A074-45FF-AAC1-818F74F50A96}.Debug|Any CPU.ActiveCfg = Debug|Any CPU
		{4FD7AEC2-A074-45FF-AAC1-818F74F50A96}.Debug|Any CPU.Build.0 = Debug|Any CPU
		{4FD7AEC2-A074-45FF-AAC1-818F74F50A96}.Debug|Mixed Platforms.ActiveCfg = Debug|Any CPU
		{4FD7AEC2-A074-45FF-AAC1-818F74F50A96}.Debug|Mixed Platforms.Build.0 = Debug|Any CPU
		{4FD7AEC2-A074-45FF-AAC1-818F74F50A96}.Release|.NET.ActiveCfg = Release|Any CPU
		{4FD7AEC2-A074-45FF-AAC1-818F74F50A96}.Release|Any CPU.ActiveCfg = Release|Any CPU
		{4FD7AEC2-A074-45FF-AAC1-818F74F50A96}.Release|Any CPU.Build.0 = Release|Any CPU
		{4FD7AEC2-A074-45FF-AAC1-818F74F50A96}.Release|Mixed Platforms.ActiveCfg = Release|Any CPU
		{4FD7AEC2-A074-45FF-AAC1-818F74F50A96}.Release|Mixed Platforms.Build.0 = Release|Any CPU
	EndGlobalSection
	GlobalSection(SolutionProperties) = preSolution
		HideSolutionNode = FALSE
	EndGlobalSection
	GlobalSection(NestedProjects) = preSolution
		{4E2552E2-EB7E-44FE-8821-73434CC7FF23} = {43C76EDA-C691-4437-AB71-0CEB682DC5C3}
		{421A6AF4-DE30-47D4-9AA1-4B573A31C5F3} = {43C76EDA-C691-4437-AB71-0CEB682DC5C3}
		{687614C3-2681-403A-998A-ADA65E02EA64} = {43C76EDA-C691-4437-AB71-0CEB682DC5C3}
		{EF96EA11-C57A-4DE0-97F7-1AB7E20CA0BD} = {43C76EDA-C691-4437-AB71-0CEB682DC5C3}
		{E3018520-23CA-4C32-B492-38F5F8895458} = {43C76EDA-C691-4437-AB71-0CEB682DC5C3}
		{72ED840C-2A14-4EBD-A20D-4D66623EE16D} = {4E2552E2-EB7E-44FE-8821-73434CC7FF23}
		{3D53319F-718D-40DF-83DB-7C6409A469AF} = {4E2552E2-EB7E-44FE-8821-73434CC7FF23}
		{D7CA14C3-1869-4928-91E4-3584DE3823C2} = {4E2552E2-EB7E-44FE-8821-73434CC7FF23}
		{7BF5C444-7A98-41C3-AF1E-403AB5DBB117} = {4E2552E2-EB7E-44FE-8821-73434CC7FF23}
		{481A477B-AF05-48F7-ADF3-34FF703D8366} = {E3018520-23CA-4C32-B492-38F5F8895458}
		{22A81FF4-0737-4092-ACB0-830E4A065EDD} = {E3018520-23CA-4C32-B492-38F5F8895458}
		{8544FC00-4410-46C1-A977-562D273E64F1} = {E3018520-23CA-4C32-B492-38F5F8895458}
		{4FD7AEC2-A074-45FF-AAC1-818F74F50A96} = {E3018520-23CA-4C32-B492-38F5F8895458}
	EndGlobalSection
EndGlobal
