
Microsoft Visual Studio Solution File, Format Version 12.00
# Visual Studio Version 16
VisualStudioVersion = 16.0.29201.188
MinimumVisualStudioVersion = 10.0.40219.1
Project("{2150E333-8FDC-42A3-9474-1A3956D46DE8}") = "Buffalo.Data", "Buffalo.Data", "{7F9975F0-7933-4353-BD9A-985E3FA049FE}"
EndProject
Project("{2150E333-8FDC-42A3-9474-1A3956D46DE8}") = "DBToolPackage", "DBToolPackage", "{A092F616-1E32-4BF7-82EE-ACA3F8EF743F}"
EndProject
Project("{FAE04EC0-301F-11D3-BF4B-00C04F79EFBC}") = "Buffalo2019.Data.SQLite", "Buffalo.Data.SQLite\Buffalo2019.Data.SQLite.csproj", "{D7CA14C3-1869-4928-91E4-3584DE3823C2}"
EndProject
Project("{FAE04EC0-301F-11D3-BF4B-00C04F79EFBC}") = "Buffalo.DBToolsPackage", "Buffalo.DBToolsPackage2019\Buffalo.DBToolsPackage.csproj", "{395971A0-0581-4062-B9C6-84C41CABBE8A}"
EndProject
Project("{FAE04EC0-301F-11D3-BF4B-00C04F79EFBC}") = "Buffalo2019.Data.DB2", "Buffalo.Data.DB2\Buffalo2019.Data.DB2.csproj", "{421A6AF4-DE30-47D4-9AA1-4B573A31C5F3}"
EndProject
Project("{FAE04EC0-301F-11D3-BF4B-00C04F79EFBC}") = "Buffalo2019.Data.MySQL", "Buffalo.Data.MySQL\Buffalo2019.Data.MySQL.csproj", "{687614C3-2681-403A-998A-ADA65E02EA64}"
EndProject
Project("{FAE04EC0-301F-11D3-BF4B-00C04F79EFBC}") = "Buffalo2019.Data.PostgreSQL", "Buffalo.Data.PostgreSQL\Buffalo2019.Data.PostgreSQL.csproj", "{EF96EA11-C57A-4DE0-97F7-1AB7E20CA0BD}"
EndProject
Project("{FAE04EC0-301F-11D3-BF4B-00C04F79EFBC}") = "Buffalo2019.GeneratorInfo", "Buffalo.GeneratorInfo\Buffalo2019.GeneratorInfo.csproj", "{6320C7DC-D4AE-4EA5-A2AB-B08B59062868}"
EndProject
Project("{FAE04EC0-301F-11D3-BF4B-00C04F79EFBC}") = "Buffalo2019.ArgCommon", "Buffalo.ArgCommon\Buffalo2019.ArgCommon.csproj", "{584F95B4-461A-4D50-8294-9147364E1945}"
EndProject
Project("{FAE04EC0-301F-11D3-BF4B-00C04F79EFBC}") = "Buffalo2019.DB", "Buffalo.DB\Buffalo2019.DB.csproj", "{9B0043E4-883B-47BA-9A5A-5110C8583902}"
EndProject
Project("{FAE04EC0-301F-11D3-BF4B-00C04F79EFBC}") = "Buffalo2019.Kernel", "Buffalo.Kernel\Buffalo2019.Kernel.csproj", "{6EC04216-A422-4751-AA81-1211DCB10BAB}"
EndProject
Project("{FAE04EC0-301F-11D3-BF4B-00C04F79EFBC}") = "Buffalo2019.QueryCache", "Buffalo.QueryCache\Buffalo2019.QueryCache.csproj", "{03433135-2A02-421A-B229-B505A8F42B98}"
EndProject
Project("{FAE04EC0-301F-11D3-BF4B-00C04F79EFBC}") = "Buffalo2019.Storage", "Buffalo.Storage\Buffalo2019.Storage.csproj", "{1BBB9409-A9EA-48E4-BFF5-C97EB4017283}"
EndProject
Project("{FAE04EC0-301F-11D3-BF4B-00C04F79EFBC}") = "Buffalo2019.WebKernel", "Buffalo.WebKernel\Buffalo2019.WebKernel.csproj", "{CBD39541-7A26-4C92-A369-0F2DF5D13030}"
EndProject
Project("{FAE04EC0-301F-11D3-BF4B-00C04F79EFBC}") = "Buffalo2019.Win32Kernel", "Buffalo.Win32Kernel\Buffalo2019.Win32Kernel.csproj", "{48492BAD-6312-4A80-A660-C0DA04957227}"
EndProject
Project("{FAE04EC0-301F-11D3-BF4B-00C04F79EFBC}") = "Buffalo2019.WinFormsControl", "Buffalo.WinFormsControl\Buffalo2019.WinFormsControl.csproj", "{E7808223-2E0F-44C3-A39D-26CF22A9D946}"
EndProject
Project("{FAE04EC0-301F-11D3-BF4B-00C04F79EFBC}") = "Buffalo2019.Data.Oracle", "Buffalo.Data.Oracle12\Buffalo2019.Data.Oracle.csproj", "{C38522E1-35BA-40F7-A1E9-716D52BB6C04}"
EndProject
Project("{FAE04EC0-301F-11D3-BF4B-00C04F79EFBC}") = "Buffalo2019.MongoDB", "Buffalo.MongoDB\Buffalo2019.MongoDB.csproj", "{BE4AF0E1-9426-4F0A-9344-CDCB578C8B7C}"
EndProject
Project("{FAE04EC0-301F-11D3-BF4B-00C04F79EFBC}") = "Buffalo2019.MQ", "Buffalo.MQ\Buffalo2019.MQ.csproj", "{6CEDC1E6-BD83-4D69-8B52-F0534E16F688}"
EndProject
Project("{FAE04EC0-301F-11D3-BF4B-00C04F79EFBC}") = "TestForm", "..\..\TestForm\TestForm.csproj", "{145490C0-DA22-446B-8520-8F1206524A9C}"
EndProject
Global
	GlobalSection(SolutionConfigurationPlatforms) = preSolution
		Debug|Any CPU = Debug|Any CPU
		Debug|x64 = Debug|x64
		Debug|x86 = Debug|x86
		Integration|Any CPU = Integration|Any CPU
		Integration|x64 = Integration|x64
		Integration|x86 = Integration|x86
		Release|Any CPU = Release|Any CPU
		Release|x64 = Release|x64
		Release|x86 = Release|x86
	EndGlobalSection
	GlobalSection(ProjectConfigurationPlatforms) = postSolution
		{D7CA14C3-1869-4928-91E4-3584DE3823C2}.Debug|Any CPU.ActiveCfg = Debug|Any CPU
		{D7CA14C3-1869-4928-91E4-3584DE3823C2}.Debug|Any CPU.Build.0 = Debug|Any CPU
		{D7CA14C3-1869-4928-91E4-3584DE3823C2}.Debug|x64.ActiveCfg = Debug|Any CPU
		{D7CA14C3-1869-4928-91E4-3584DE3823C2}.Debug|x64.Build.0 = Debug|Any CPU
		{D7CA14C3-1869-4928-91E4-3584DE3823C2}.Debug|x86.ActiveCfg = Debug|Any CPU
		{D7CA14C3-1869-4928-91E4-3584DE3823C2}.Debug|x86.Build.0 = Debug|Any CPU
		{D7CA14C3-1869-4928-91E4-3584DE3823C2}.Integration|Any CPU.ActiveCfg = Release|Any CPU
		{D7CA14C3-1869-4928-91E4-3584DE3823C2}.Integration|Any CPU.Build.0 = Release|Any CPU
		{D7CA14C3-1869-4928-91E4-3584DE3823C2}.Integration|x64.ActiveCfg = Release|Any CPU
		{D7CA14C3-1869-4928-91E4-3584DE3823C2}.Integration|x64.Build.0 = Release|Any CPU
		{D7CA14C3-1869-4928-91E4-3584DE3823C2}.Integration|x86.ActiveCfg = Release|Any CPU
		{D7CA14C3-1869-4928-91E4-3584DE3823C2}.Integration|x86.Build.0 = Release|Any CPU
		{D7CA14C3-1869-4928-91E4-3584DE3823C2}.Release|Any CPU.ActiveCfg = Release|Any CPU
		{D7CA14C3-1869-4928-91E4-3584DE3823C2}.Release|Any CPU.Build.0 = Release|Any CPU
		{D7CA14C3-1869-4928-91E4-3584DE3823C2}.Release|x64.ActiveCfg = Release|Any CPU
		{D7CA14C3-1869-4928-91E4-3584DE3823C2}.Release|x64.Build.0 = Release|Any CPU
		{D7CA14C3-1869-4928-91E4-3584DE3823C2}.Release|x86.ActiveCfg = Release|Any CPU
		{D7CA14C3-1869-4928-91E4-3584DE3823C2}.Release|x86.Build.0 = Release|Any CPU
		{395971A0-0581-4062-B9C6-84C41CABBE8A}.Debug|Any CPU.ActiveCfg = Debug|Any CPU
		{395971A0-0581-4062-B9C6-84C41CABBE8A}.Debug|Any CPU.Build.0 = Debug|Any CPU
		{395971A0-0581-4062-B9C6-84C41CABBE8A}.Debug|x64.ActiveCfg = Debug|Any CPU
		{395971A0-0581-4062-B9C6-84C41CABBE8A}.Debug|x64.Build.0 = Debug|Any CPU
		{395971A0-0581-4062-B9C6-84C41CABBE8A}.Debug|x86.ActiveCfg = Debug|Any CPU
		{395971A0-0581-4062-B9C6-84C41CABBE8A}.Debug|x86.Build.0 = Debug|Any CPU
		{395971A0-0581-4062-B9C6-84C41CABBE8A}.Integration|Any CPU.ActiveCfg = Release|Any CPU
		{395971A0-0581-4062-B9C6-84C41CABBE8A}.Integration|Any CPU.Build.0 = Release|Any CPU
		{395971A0-0581-4062-B9C6-84C41CABBE8A}.Integration|x64.ActiveCfg = Release|Any CPU
		{395971A0-0581-4062-B9C6-84C41CABBE8A}.Integration|x64.Build.0 = Release|Any CPU
		{395971A0-0581-4062-B9C6-84C41CABBE8A}.Integration|x86.ActiveCfg = Release|Any CPU
		{395971A0-0581-4062-B9C6-84C41CABBE8A}.Integration|x86.Build.0 = Release|Any CPU
		{395971A0-0581-4062-B9C6-84C41CABBE8A}.Release|Any CPU.ActiveCfg = Release|Any CPU
		{395971A0-0581-4062-B9C6-84C41CABBE8A}.Release|Any CPU.Build.0 = Release|Any CPU
		{395971A0-0581-4062-B9C6-84C41CABBE8A}.Release|x64.ActiveCfg = Release|Any CPU
		{395971A0-0581-4062-B9C6-84C41CABBE8A}.Release|x64.Build.0 = Release|Any CPU
		{395971A0-0581-4062-B9C6-84C41CABBE8A}.Release|x86.ActiveCfg = Release|Any CPU
		{395971A0-0581-4062-B9C6-84C41CABBE8A}.Release|x86.Build.0 = Release|Any CPU
		{421A6AF4-DE30-47D4-9AA1-4B573A31C5F3}.Debug|Any CPU.ActiveCfg = Debug|Any CPU
		{421A6AF4-DE30-47D4-9AA1-4B573A31C5F3}.Debug|Any CPU.Build.0 = Debug|Any CPU
		{421A6AF4-DE30-47D4-9AA1-4B573A31C5F3}.Debug|x64.ActiveCfg = Debug|Any CPU
		{421A6AF4-DE30-47D4-9AA1-4B573A31C5F3}.Debug|x64.Build.0 = Debug|Any CPU
		{421A6AF4-DE30-47D4-9AA1-4B573A31C5F3}.Debug|x86.ActiveCfg = Debug|Any CPU
		{421A6AF4-DE30-47D4-9AA1-4B573A31C5F3}.Debug|x86.Build.0 = Debug|Any CPU
		{421A6AF4-DE30-47D4-9AA1-4B573A31C5F3}.Integration|Any CPU.ActiveCfg = Release|Any CPU
		{421A6AF4-DE30-47D4-9AA1-4B573A31C5F3}.Integration|Any CPU.Build.0 = Release|Any CPU
		{421A6AF4-DE30-47D4-9AA1-4B573A31C5F3}.Integration|x64.ActiveCfg = Release|Any CPU
		{421A6AF4-DE30-47D4-9AA1-4B573A31C5F3}.Integration|x64.Build.0 = Release|Any CPU
		{421A6AF4-DE30-47D4-9AA1-4B573A31C5F3}.Integration|x86.ActiveCfg = Release|Any CPU
		{421A6AF4-DE30-47D4-9AA1-4B573A31C5F3}.Integration|x86.Build.0 = Release|Any CPU
		{421A6AF4-DE30-47D4-9AA1-4B573A31C5F3}.Release|Any CPU.ActiveCfg = Release|Any CPU
		{421A6AF4-DE30-47D4-9AA1-4B573A31C5F3}.Release|Any CPU.Build.0 = Release|Any CPU
		{421A6AF4-DE30-47D4-9AA1-4B573A31C5F3}.Release|x64.ActiveCfg = Release|Any CPU
		{421A6AF4-DE30-47D4-9AA1-4B573A31C5F3}.Release|x64.Build.0 = Release|Any CPU
		{421A6AF4-DE30-47D4-9AA1-4B573A31C5F3}.Release|x86.ActiveCfg = Release|Any CPU
		{421A6AF4-DE30-47D4-9AA1-4B573A31C5F3}.Release|x86.Build.0 = Release|Any CPU
		{687614C3-2681-403A-998A-ADA65E02EA64}.Debug|Any CPU.ActiveCfg = Debug|Any CPU
		{687614C3-2681-403A-998A-ADA65E02EA64}.Debug|Any CPU.Build.0 = Debug|Any CPU
		{687614C3-2681-403A-998A-ADA65E02EA64}.Debug|x64.ActiveCfg = Debug|Any CPU
		{687614C3-2681-403A-998A-ADA65E02EA64}.Debug|x64.Build.0 = Debug|Any CPU
		{687614C3-2681-403A-998A-ADA65E02EA64}.Debug|x86.ActiveCfg = Debug|Any CPU
		{687614C3-2681-403A-998A-ADA65E02EA64}.Debug|x86.Build.0 = Debug|Any CPU
		{687614C3-2681-403A-998A-ADA65E02EA64}.Integration|Any CPU.ActiveCfg = Release|Any CPU
		{687614C3-2681-403A-998A-ADA65E02EA64}.Integration|Any CPU.Build.0 = Release|Any CPU
		{687614C3-2681-403A-998A-ADA65E02EA64}.Integration|x64.ActiveCfg = Release|Any CPU
		{687614C3-2681-403A-998A-ADA65E02EA64}.Integration|x64.Build.0 = Release|Any CPU
		{687614C3-2681-403A-998A-ADA65E02EA64}.Integration|x86.ActiveCfg = Release|Any CPU
		{687614C3-2681-403A-998A-ADA65E02EA64}.Integration|x86.Build.0 = Release|Any CPU
		{687614C3-2681-403A-998A-ADA65E02EA64}.Release|Any CPU.ActiveCfg = Release|Any CPU
		{687614C3-2681-403A-998A-ADA65E02EA64}.Release|Any CPU.Build.0 = Release|Any CPU
		{687614C3-2681-403A-998A-ADA65E02EA64}.Release|x64.ActiveCfg = Release|Any CPU
		{687614C3-2681-403A-998A-ADA65E02EA64}.Release|x64.Build.0 = Release|Any CPU
		{687614C3-2681-403A-998A-ADA65E02EA64}.Release|x86.ActiveCfg = Release|Any CPU
		{687614C3-2681-403A-998A-ADA65E02EA64}.Release|x86.Build.0 = Release|Any CPU
		{EF96EA11-C57A-4DE0-97F7-1AB7E20CA0BD}.Debug|Any CPU.ActiveCfg = Debug|Any CPU
		{EF96EA11-C57A-4DE0-97F7-1AB7E20CA0BD}.Debug|Any CPU.Build.0 = Debug|Any CPU
		{EF96EA11-C57A-4DE0-97F7-1AB7E20CA0BD}.Debug|x64.ActiveCfg = Debug|Any CPU
		{EF96EA11-C57A-4DE0-97F7-1AB7E20CA0BD}.Debug|x64.Build.0 = Debug|Any CPU
		{EF96EA11-C57A-4DE0-97F7-1AB7E20CA0BD}.Debug|x86.ActiveCfg = Debug|Any CPU
		{EF96EA11-C57A-4DE0-97F7-1AB7E20CA0BD}.Debug|x86.Build.0 = Debug|Any CPU
		{EF96EA11-C57A-4DE0-97F7-1AB7E20CA0BD}.Integration|Any CPU.ActiveCfg = Release|Any CPU
		{EF96EA11-C57A-4DE0-97F7-1AB7E20CA0BD}.Integration|Any CPU.Build.0 = Release|Any CPU
		{EF96EA11-C57A-4DE0-97F7-1AB7E20CA0BD}.Integration|x64.ActiveCfg = Release|Any CPU
		{EF96EA11-C57A-4DE0-97F7-1AB7E20CA0BD}.Integration|x64.Build.0 = Release|Any CPU
		{EF96EA11-C57A-4DE0-97F7-1AB7E20CA0BD}.Integration|x86.ActiveCfg = Release|Any CPU
		{EF96EA11-C57A-4DE0-97F7-1AB7E20CA0BD}.Integration|x86.Build.0 = Release|Any CPU
		{EF96EA11-C57A-4DE0-97F7-1AB7E20CA0BD}.Release|Any CPU.ActiveCfg = Release|Any CPU
		{EF96EA11-C57A-4DE0-97F7-1AB7E20CA0BD}.Release|Any CPU.Build.0 = Release|Any CPU
		{EF96EA11-C57A-4DE0-97F7-1AB7E20CA0BD}.Release|x64.ActiveCfg = Release|Any CPU
		{EF96EA11-C57A-4DE0-97F7-1AB7E20CA0BD}.Release|x64.Build.0 = Release|Any CPU
		{EF96EA11-C57A-4DE0-97F7-1AB7E20CA0BD}.Release|x86.ActiveCfg = Release|Any CPU
		{EF96EA11-C57A-4DE0-97F7-1AB7E20CA0BD}.Release|x86.Build.0 = Release|Any CPU
		{6320C7DC-D4AE-4EA5-A2AB-B08B59062868}.Debug|Any CPU.ActiveCfg = Debug|Any CPU
		{6320C7DC-D4AE-4EA5-A2AB-B08B59062868}.Debug|Any CPU.Build.0 = Debug|Any CPU
		{6320C7DC-D4AE-4EA5-A2AB-B08B59062868}.Debug|x64.ActiveCfg = Debug|Any CPU
		{6320C7DC-D4AE-4EA5-A2AB-B08B59062868}.Debug|x64.Build.0 = Debug|Any CPU
		{6320C7DC-D4AE-4EA5-A2AB-B08B59062868}.Debug|x86.ActiveCfg = Debug|Any CPU
		{6320C7DC-D4AE-4EA5-A2AB-B08B59062868}.Debug|x86.Build.0 = Debug|Any CPU
		{6320C7DC-D4AE-4EA5-A2AB-B08B59062868}.Integration|Any CPU.ActiveCfg = Release|Any CPU
		{6320C7DC-D4AE-4EA5-A2AB-B08B59062868}.Integration|Any CPU.Build.0 = Release|Any CPU
		{6320C7DC-D4AE-4EA5-A2AB-B08B59062868}.Integration|x64.ActiveCfg = Release|Any CPU
		{6320C7DC-D4AE-4EA5-A2AB-B08B59062868}.Integration|x64.Build.0 = Release|Any CPU
		{6320C7DC-D4AE-4EA5-A2AB-B08B59062868}.Integration|x86.ActiveCfg = Release|Any CPU
		{6320C7DC-D4AE-4EA5-A2AB-B08B59062868}.Integration|x86.Build.0 = Release|Any CPU
		{6320C7DC-D4AE-4EA5-A2AB-B08B59062868}.Release|Any CPU.ActiveCfg = Release|Any CPU
		{6320C7DC-D4AE-4EA5-A2AB-B08B59062868}.Release|Any CPU.Build.0 = Release|Any CPU
		{6320C7DC-D4AE-4EA5-A2AB-B08B59062868}.Release|x64.ActiveCfg = Release|Any CPU
		{6320C7DC-D4AE-4EA5-A2AB-B08B59062868}.Release|x64.Build.0 = Release|Any CPU
		{6320C7DC-D4AE-4EA5-A2AB-B08B59062868}.Release|x86.ActiveCfg = Release|Any CPU
		{6320C7DC-D4AE-4EA5-A2AB-B08B59062868}.Release|x86.Build.0 = Release|Any CPU
		{584F95B4-461A-4D50-8294-9147364E1945}.Debug|Any CPU.ActiveCfg = Debug|Any CPU
		{584F95B4-461A-4D50-8294-9147364E1945}.Debug|Any CPU.Build.0 = Debug|Any CPU
		{584F95B4-461A-4D50-8294-9147364E1945}.Debug|x64.ActiveCfg = Debug|Any CPU
		{584F95B4-461A-4D50-8294-9147364E1945}.Debug|x64.Build.0 = Debug|Any CPU
		{584F95B4-461A-4D50-8294-9147364E1945}.Debug|x86.ActiveCfg = Debug|Any CPU
		{584F95B4-461A-4D50-8294-9147364E1945}.Debug|x86.Build.0 = Debug|Any CPU
		{584F95B4-461A-4D50-8294-9147364E1945}.Integration|Any CPU.ActiveCfg = Release|Any CPU
		{584F95B4-461A-4D50-8294-9147364E1945}.Integration|Any CPU.Build.0 = Release|Any CPU
		{584F95B4-461A-4D50-8294-9147364E1945}.Integration|x64.ActiveCfg = Release|Any CPU
		{584F95B4-461A-4D50-8294-9147364E1945}.Integration|x64.Build.0 = Release|Any CPU
		{584F95B4-461A-4D50-8294-9147364E1945}.Integration|x86.ActiveCfg = Release|Any CPU
		{584F95B4-461A-4D50-8294-9147364E1945}.Integration|x86.Build.0 = Release|Any CPU
		{584F95B4-461A-4D50-8294-9147364E1945}.Release|Any CPU.ActiveCfg = Release|Any CPU
		{584F95B4-461A-4D50-8294-9147364E1945}.Release|Any CPU.Build.0 = Release|Any CPU
		{584F95B4-461A-4D50-8294-9147364E1945}.Release|x64.ActiveCfg = Release|Any CPU
		{584F95B4-461A-4D50-8294-9147364E1945}.Release|x64.Build.0 = Release|Any CPU
		{584F95B4-461A-4D50-8294-9147364E1945}.Release|x86.ActiveCfg = Release|Any CPU
		{584F95B4-461A-4D50-8294-9147364E1945}.Release|x86.Build.0 = Release|Any CPU
		{9B0043E4-883B-47BA-9A5A-5110C8583902}.Debug|Any CPU.ActiveCfg = Debug|Any CPU
		{9B0043E4-883B-47BA-9A5A-5110C8583902}.Debug|Any CPU.Build.0 = Debug|Any CPU
		{9B0043E4-883B-47BA-9A5A-5110C8583902}.Debug|x64.ActiveCfg = Debug|Any CPU
		{9B0043E4-883B-47BA-9A5A-5110C8583902}.Debug|x64.Build.0 = Debug|Any CPU
		{9B0043E4-883B-47BA-9A5A-5110C8583902}.Debug|x86.ActiveCfg = Debug|Any CPU
		{9B0043E4-883B-47BA-9A5A-5110C8583902}.Debug|x86.Build.0 = Debug|Any CPU
		{9B0043E4-883B-47BA-9A5A-5110C8583902}.Integration|Any CPU.ActiveCfg = Release|Any CPU
		{9B0043E4-883B-47BA-9A5A-5110C8583902}.Integration|Any CPU.Build.0 = Release|Any CPU
		{9B0043E4-883B-47BA-9A5A-5110C8583902}.Integration|x64.ActiveCfg = Release|Any CPU
		{9B0043E4-883B-47BA-9A5A-5110C8583902}.Integration|x64.Build.0 = Release|Any CPU
		{9B0043E4-883B-47BA-9A5A-5110C8583902}.Integration|x86.ActiveCfg = Release|Any CPU
		{9B0043E4-883B-47BA-9A5A-5110C8583902}.Integration|x86.Build.0 = Release|Any CPU
		{9B0043E4-883B-47BA-9A5A-5110C8583902}.Release|Any CPU.ActiveCfg = Release|Any CPU
		{9B0043E4-883B-47BA-9A5A-5110C8583902}.Release|Any CPU.Build.0 = Release|Any CPU
		{9B0043E4-883B-47BA-9A5A-5110C8583902}.Release|x64.ActiveCfg = Release|Any CPU
		{9B0043E4-883B-47BA-9A5A-5110C8583902}.Release|x64.Build.0 = Release|Any CPU
		{9B0043E4-883B-47BA-9A5A-5110C8583902}.Release|x86.ActiveCfg = Release|Any CPU
		{9B0043E4-883B-47BA-9A5A-5110C8583902}.Release|x86.Build.0 = Release|Any CPU
		{6EC04216-A422-4751-AA81-1211DCB10BAB}.Debug|Any CPU.ActiveCfg = Debug|Any CPU
		{6EC04216-A422-4751-AA81-1211DCB10BAB}.Debug|Any CPU.Build.0 = Debug|Any CPU
		{6EC04216-A422-4751-AA81-1211DCB10BAB}.Debug|x64.ActiveCfg = Debug|Any CPU
		{6EC04216-A422-4751-AA81-1211DCB10BAB}.Debug|x64.Build.0 = Debug|Any CPU
		{6EC04216-A422-4751-AA81-1211DCB10BAB}.Debug|x86.ActiveCfg = Debug|Any CPU
		{6EC04216-A422-4751-AA81-1211DCB10BAB}.Debug|x86.Build.0 = Debug|Any CPU
		{6EC04216-A422-4751-AA81-1211DCB10BAB}.Integration|Any CPU.ActiveCfg = Release|Any CPU
		{6EC04216-A422-4751-AA81-1211DCB10BAB}.Integration|Any CPU.Build.0 = Release|Any CPU
		{6EC04216-A422-4751-AA81-1211DCB10BAB}.Integration|x64.ActiveCfg = Release|Any CPU
		{6EC04216-A422-4751-AA81-1211DCB10BAB}.Integration|x64.Build.0 = Release|Any CPU
		{6EC04216-A422-4751-AA81-1211DCB10BAB}.Integration|x86.ActiveCfg = Release|Any CPU
		{6EC04216-A422-4751-AA81-1211DCB10BAB}.Integration|x86.Build.0 = Release|Any CPU
		{6EC04216-A422-4751-AA81-1211DCB10BAB}.Release|Any CPU.ActiveCfg = Release|Any CPU
		{6EC04216-A422-4751-AA81-1211DCB10BAB}.Release|Any CPU.Build.0 = Release|Any CPU
		{6EC04216-A422-4751-AA81-1211DCB10BAB}.Release|x64.ActiveCfg = Release|Any CPU
		{6EC04216-A422-4751-AA81-1211DCB10BAB}.Release|x64.Build.0 = Release|Any CPU
		{6EC04216-A422-4751-AA81-1211DCB10BAB}.Release|x86.ActiveCfg = Release|Any CPU
		{6EC04216-A422-4751-AA81-1211DCB10BAB}.Release|x86.Build.0 = Release|Any CPU
		{03433135-2A02-421A-B229-B505A8F42B98}.Debug|Any CPU.ActiveCfg = Debug|Any CPU
		{03433135-2A02-421A-B229-B505A8F42B98}.Debug|Any CPU.Build.0 = Debug|Any CPU
		{03433135-2A02-421A-B229-B505A8F42B98}.Debug|x64.ActiveCfg = Debug|Any CPU
		{03433135-2A02-421A-B229-B505A8F42B98}.Debug|x64.Build.0 = Debug|Any CPU
		{03433135-2A02-421A-B229-B505A8F42B98}.Debug|x86.ActiveCfg = Debug|Any CPU
		{03433135-2A02-421A-B229-B505A8F42B98}.Debug|x86.Build.0 = Debug|Any CPU
		{03433135-2A02-421A-B229-B505A8F42B98}.Integration|Any CPU.ActiveCfg = Release|Any CPU
		{03433135-2A02-421A-B229-B505A8F42B98}.Integration|Any CPU.Build.0 = Release|Any CPU
		{03433135-2A02-421A-B229-B505A8F42B98}.Integration|x64.ActiveCfg = Release|Any CPU
		{03433135-2A02-421A-B229-B505A8F42B98}.Integration|x64.Build.0 = Release|Any CPU
		{03433135-2A02-421A-B229-B505A8F42B98}.Integration|x86.ActiveCfg = Release|Any CPU
		{03433135-2A02-421A-B229-B505A8F42B98}.Integration|x86.Build.0 = Release|Any CPU
		{03433135-2A02-421A-B229-B505A8F42B98}.Release|Any CPU.ActiveCfg = Release|Any CPU
		{03433135-2A02-421A-B229-B505A8F42B98}.Release|Any CPU.Build.0 = Release|Any CPU
		{03433135-2A02-421A-B229-B505A8F42B98}.Release|x64.ActiveCfg = Release|Any CPU
		{03433135-2A02-421A-B229-B505A8F42B98}.Release|x64.Build.0 = Release|Any CPU
		{03433135-2A02-421A-B229-B505A8F42B98}.Release|x86.ActiveCfg = Release|Any CPU
		{03433135-2A02-421A-B229-B505A8F42B98}.Release|x86.Build.0 = Release|Any CPU
		{1BBB9409-A9EA-48E4-BFF5-C97EB4017283}.Debug|Any CPU.ActiveCfg = Debug|Any CPU
		{1BBB9409-A9EA-48E4-BFF5-C97EB4017283}.Debug|Any CPU.Build.0 = Debug|Any CPU
		{1BBB9409-A9EA-48E4-BFF5-C97EB4017283}.Debug|x64.ActiveCfg = Debug|Any CPU
		{1BBB9409-A9EA-48E4-BFF5-C97EB4017283}.Debug|x64.Build.0 = Debug|Any CPU
		{1BBB9409-A9EA-48E4-BFF5-C97EB4017283}.Debug|x86.ActiveCfg = Debug|Any CPU
		{1BBB9409-A9EA-48E4-BFF5-C97EB4017283}.Debug|x86.Build.0 = Debug|Any CPU
		{1BBB9409-A9EA-48E4-BFF5-C97EB4017283}.Integration|Any CPU.ActiveCfg = Release|Any CPU
		{1BBB9409-A9EA-48E4-BFF5-C97EB4017283}.Integration|Any CPU.Build.0 = Release|Any CPU
		{1BBB9409-A9EA-48E4-BFF5-C97EB4017283}.Integration|x64.ActiveCfg = Release|Any CPU
		{1BBB9409-A9EA-48E4-BFF5-C97EB4017283}.Integration|x64.Build.0 = Release|Any CPU
		{1BBB9409-A9EA-48E4-BFF5-C97EB4017283}.Integration|x86.ActiveCfg = Release|Any CPU
		{1BBB9409-A9EA-48E4-BFF5-C97EB4017283}.Integration|x86.Build.0 = Release|Any CPU
		{1BBB9409-A9EA-48E4-BFF5-C97EB4017283}.Release|Any CPU.ActiveCfg = Release|Any CPU
		{1BBB9409-A9EA-48E4-BFF5-C97EB4017283}.Release|Any CPU.Build.0 = Release|Any CPU
		{1BBB9409-A9EA-48E4-BFF5-C97EB4017283}.Release|x64.ActiveCfg = Release|Any CPU
		{1BBB9409-A9EA-48E4-BFF5-C97EB4017283}.Release|x64.Build.0 = Release|Any CPU
		{1BBB9409-A9EA-48E4-BFF5-C97EB4017283}.Release|x86.ActiveCfg = Release|Any CPU
		{1BBB9409-A9EA-48E4-BFF5-C97EB4017283}.Release|x86.Build.0 = Release|Any CPU
		{CBD39541-7A26-4C92-A369-0F2DF5D13030}.Debug|Any CPU.ActiveCfg = Debug|Any CPU
		{CBD39541-7A26-4C92-A369-0F2DF5D13030}.Debug|Any CPU.Build.0 = Debug|Any CPU
		{CBD39541-7A26-4C92-A369-0F2DF5D13030}.Debug|x64.ActiveCfg = Debug|Any CPU
		{CBD39541-7A26-4C92-A369-0F2DF5D13030}.Debug|x64.Build.0 = Debug|Any CPU
		{CBD39541-7A26-4C92-A369-0F2DF5D13030}.Debug|x86.ActiveCfg = Debug|Any CPU
		{CBD39541-7A26-4C92-A369-0F2DF5D13030}.Debug|x86.Build.0 = Debug|Any CPU
		{CBD39541-7A26-4C92-A369-0F2DF5D13030}.Integration|Any CPU.ActiveCfg = Release|Any CPU
		{CBD39541-7A26-4C92-A369-0F2DF5D13030}.Integration|Any CPU.Build.0 = Release|Any CPU
		{CBD39541-7A26-4C92-A369-0F2DF5D13030}.Integration|x64.ActiveCfg = Release|Any CPU
		{CBD39541-7A26-4C92-A369-0F2DF5D13030}.Integration|x64.Build.0 = Release|Any CPU
		{CBD39541-7A26-4C92-A369-0F2DF5D13030}.Integration|x86.ActiveCfg = Release|Any CPU
		{CBD39541-7A26-4C92-A369-0F2DF5D13030}.Integration|x86.Build.0 = Release|Any CPU
		{CBD39541-7A26-4C92-A369-0F2DF5D13030}.Release|Any CPU.ActiveCfg = Release|Any CPU
		{CBD39541-7A26-4C92-A369-0F2DF5D13030}.Release|Any CPU.Build.0 = Release|Any CPU
		{CBD39541-7A26-4C92-A369-0F2DF5D13030}.Release|x64.ActiveCfg = Release|Any CPU
		{CBD39541-7A26-4C92-A369-0F2DF5D13030}.Release|x64.Build.0 = Release|Any CPU
		{CBD39541-7A26-4C92-A369-0F2DF5D13030}.Release|x86.ActiveCfg = Release|Any CPU
		{CBD39541-7A26-4C92-A369-0F2DF5D13030}.Release|x86.Build.0 = Release|Any CPU
		{48492BAD-6312-4A80-A660-C0DA04957227}.Debug|Any CPU.ActiveCfg = Debug|Any CPU
		{48492BAD-6312-4A80-A660-C0DA04957227}.Debug|Any CPU.Build.0 = Debug|Any CPU
		{48492BAD-6312-4A80-A660-C0DA04957227}.Debug|x64.ActiveCfg = Debug|Any CPU
		{48492BAD-6312-4A80-A660-C0DA04957227}.Debug|x64.Build.0 = Debug|Any CPU
		{48492BAD-6312-4A80-A660-C0DA04957227}.Debug|x86.ActiveCfg = Debug|Any CPU
		{48492BAD-6312-4A80-A660-C0DA04957227}.Debug|x86.Build.0 = Debug|Any CPU
		{48492BAD-6312-4A80-A660-C0DA04957227}.Integration|Any CPU.ActiveCfg = Release|Any CPU
		{48492BAD-6312-4A80-A660-C0DA04957227}.Integration|Any CPU.Build.0 = Release|Any CPU
		{48492BAD-6312-4A80-A660-C0DA04957227}.Integration|x64.ActiveCfg = Release|Any CPU
		{48492BAD-6312-4A80-A660-C0DA04957227}.Integration|x64.Build.0 = Release|Any CPU
		{48492BAD-6312-4A80-A660-C0DA04957227}.Integration|x86.ActiveCfg = Release|Any CPU
		{48492BAD-6312-4A80-A660-C0DA04957227}.Integration|x86.Build.0 = Release|Any CPU
		{48492BAD-6312-4A80-A660-C0DA04957227}.Release|Any CPU.ActiveCfg = Release|Any CPU
		{48492BAD-6312-4A80-A660-C0DA04957227}.Release|Any CPU.Build.0 = Release|Any CPU
		{48492BAD-6312-4A80-A660-C0DA04957227}.Release|x64.ActiveCfg = Release|Any CPU
		{48492BAD-6312-4A80-A660-C0DA04957227}.Release|x64.Build.0 = Release|Any CPU
		{48492BAD-6312-4A80-A660-C0DA04957227}.Release|x86.ActiveCfg = Release|Any CPU
		{48492BAD-6312-4A80-A660-C0DA04957227}.Release|x86.Build.0 = Release|Any CPU
		{E7808223-2E0F-44C3-A39D-26CF22A9D946}.Debug|Any CPU.ActiveCfg = Debug|Any CPU
		{E7808223-2E0F-44C3-A39D-26CF22A9D946}.Debug|Any CPU.Build.0 = Debug|Any CPU
		{E7808223-2E0F-44C3-A39D-26CF22A9D946}.Debug|x64.ActiveCfg = Debug|Any CPU
		{E7808223-2E0F-44C3-A39D-26CF22A9D946}.Debug|x64.Build.0 = Debug|Any CPU
		{E7808223-2E0F-44C3-A39D-26CF22A9D946}.Debug|x86.ActiveCfg = Debug|Any CPU
		{E7808223-2E0F-44C3-A39D-26CF22A9D946}.Debug|x86.Build.0 = Debug|Any CPU
		{E7808223-2E0F-44C3-A39D-26CF22A9D946}.Integration|Any CPU.ActiveCfg = Release|Any CPU
		{E7808223-2E0F-44C3-A39D-26CF22A9D946}.Integration|Any CPU.Build.0 = Release|Any CPU
		{E7808223-2E0F-44C3-A39D-26CF22A9D946}.Integration|x64.ActiveCfg = Release|Any CPU
		{E7808223-2E0F-44C3-A39D-26CF22A9D946}.Integration|x64.Build.0 = Release|Any CPU
		{E7808223-2E0F-44C3-A39D-26CF22A9D946}.Integration|x86.ActiveCfg = Release|Any CPU
		{E7808223-2E0F-44C3-A39D-26CF22A9D946}.Integration|x86.Build.0 = Release|Any CPU
		{E7808223-2E0F-44C3-A39D-26CF22A9D946}.Release|Any CPU.ActiveCfg = Release|Any CPU
		{E7808223-2E0F-44C3-A39D-26CF22A9D946}.Release|Any CPU.Build.0 = Release|Any CPU
		{E7808223-2E0F-44C3-A39D-26CF22A9D946}.Release|x64.ActiveCfg = Release|Any CPU
		{E7808223-2E0F-44C3-A39D-26CF22A9D946}.Release|x64.Build.0 = Release|Any CPU
		{E7808223-2E0F-44C3-A39D-26CF22A9D946}.Release|x86.ActiveCfg = Release|Any CPU
		{E7808223-2E0F-44C3-A39D-26CF22A9D946}.Release|x86.Build.0 = Release|Any CPU
		{C38522E1-35BA-40F7-A1E9-716D52BB6C04}.Debug|Any CPU.ActiveCfg = Debug|Any CPU
		{C38522E1-35BA-40F7-A1E9-716D52BB6C04}.Debug|Any CPU.Build.0 = Debug|Any CPU
		{C38522E1-35BA-40F7-A1E9-716D52BB6C04}.Debug|x64.ActiveCfg = Debug|Any CPU
		{C38522E1-35BA-40F7-A1E9-716D52BB6C04}.Debug|x64.Build.0 = Debug|Any CPU
		{C38522E1-35BA-40F7-A1E9-716D52BB6C04}.Debug|x86.ActiveCfg = Debug|Any CPU
		{C38522E1-35BA-40F7-A1E9-716D52BB6C04}.Debug|x86.Build.0 = Debug|Any CPU
		{C38522E1-35BA-40F7-A1E9-716D52BB6C04}.Integration|Any CPU.ActiveCfg = Release|Any CPU
		{C38522E1-35BA-40F7-A1E9-716D52BB6C04}.Integration|Any CPU.Build.0 = Release|Any CPU
		{C38522E1-35BA-40F7-A1E9-716D52BB6C04}.Integration|x64.ActiveCfg = Release|Any CPU
		{C38522E1-35BA-40F7-A1E9-716D52BB6C04}.Integration|x64.Build.0 = Release|Any CPU
		{C38522E1-35BA-40F7-A1E9-716D52BB6C04}.Integration|x86.ActiveCfg = Release|Any CPU
		{C38522E1-35BA-40F7-A1E9-716D52BB6C04}.Integration|x86.Build.0 = Release|Any CPU
		{C38522E1-35BA-40F7-A1E9-716D52BB6C04}.Release|Any CPU.ActiveCfg = Release|Any CPU
		{C38522E1-35BA-40F7-A1E9-716D52BB6C04}.Release|Any CPU.Build.0 = Release|Any CPU
		{C38522E1-35BA-40F7-A1E9-716D52BB6C04}.Release|x64.ActiveCfg = Release|Any CPU
		{C38522E1-35BA-40F7-A1E9-716D52BB6C04}.Release|x64.Build.0 = Release|Any CPU
		{C38522E1-35BA-40F7-A1E9-716D52BB6C04}.Release|x86.ActiveCfg = Release|Any CPU
		{C38522E1-35BA-40F7-A1E9-716D52BB6C04}.Release|x86.Build.0 = Release|Any CPU
		{BE4AF0E1-9426-4F0A-9344-CDCB578C8B7C}.Debug|Any CPU.ActiveCfg = Debug|Any CPU
		{BE4AF0E1-9426-4F0A-9344-CDCB578C8B7C}.Debug|Any CPU.Build.0 = Debug|Any CPU
		{BE4AF0E1-9426-4F0A-9344-CDCB578C8B7C}.Debug|x64.ActiveCfg = Debug|Any CPU
		{BE4AF0E1-9426-4F0A-9344-CDCB578C8B7C}.Debug|x64.Build.0 = Debug|Any CPU
		{BE4AF0E1-9426-4F0A-9344-CDCB578C8B7C}.Debug|x86.ActiveCfg = Debug|Any CPU
		{BE4AF0E1-9426-4F0A-9344-CDCB578C8B7C}.Debug|x86.Build.0 = Debug|Any CPU
		{BE4AF0E1-9426-4F0A-9344-CDCB578C8B7C}.Integration|Any CPU.ActiveCfg = Release|Any CPU
		{BE4AF0E1-9426-4F0A-9344-CDCB578C8B7C}.Integration|Any CPU.Build.0 = Release|Any CPU
		{BE4AF0E1-9426-4F0A-9344-CDCB578C8B7C}.Integration|x64.ActiveCfg = Release|Any CPU
		{BE4AF0E1-9426-4F0A-9344-CDCB578C8B7C}.Integration|x64.Build.0 = Release|Any CPU
		{BE4AF0E1-9426-4F0A-9344-CDCB578C8B7C}.Integration|x86.ActiveCfg = Release|Any CPU
		{BE4AF0E1-9426-4F0A-9344-CDCB578C8B7C}.Integration|x86.Build.0 = Release|Any CPU
		{BE4AF0E1-9426-4F0A-9344-CDCB578C8B7C}.Release|Any CPU.ActiveCfg = Release|Any CPU
		{BE4AF0E1-9426-4F0A-9344-CDCB578C8B7C}.Release|Any CPU.Build.0 = Release|Any CPU
		{BE4AF0E1-9426-4F0A-9344-CDCB578C8B7C}.Release|x64.ActiveCfg = Release|Any CPU
		{BE4AF0E1-9426-4F0A-9344-CDCB578C8B7C}.Release|x64.Build.0 = Release|Any CPU
		{BE4AF0E1-9426-4F0A-9344-CDCB578C8B7C}.Release|x86.ActiveCfg = Release|Any CPU
		{BE4AF0E1-9426-4F0A-9344-CDCB578C8B7C}.Release|x86.Build.0 = Release|Any CPU
		{6CEDC1E6-BD83-4D69-8B52-F0534E16F688}.Debug|Any CPU.ActiveCfg = Debug|Any CPU
		{6CEDC1E6-BD83-4D69-8B52-F0534E16F688}.Debug|Any CPU.Build.0 = Debug|Any CPU
		{6CEDC1E6-BD83-4D69-8B52-F0534E16F688}.Debug|x64.ActiveCfg = Debug|Any CPU
		{6CEDC1E6-BD83-4D69-8B52-F0534E16F688}.Debug|x64.Build.0 = Debug|Any CPU
		{6CEDC1E6-BD83-4D69-8B52-F0534E16F688}.Debug|x86.ActiveCfg = Debug|Any CPU
		{6CEDC1E6-BD83-4D69-8B52-F0534E16F688}.Debug|x86.Build.0 = Debug|Any CPU
		{6CEDC1E6-BD83-4D69-8B52-F0534E16F688}.Integration|Any CPU.ActiveCfg = Release|Any CPU
		{6CEDC1E6-BD83-4D69-8B52-F0534E16F688}.Integration|Any CPU.Build.0 = Release|Any CPU
		{6CEDC1E6-BD83-4D69-8B52-F0534E16F688}.Integration|x64.ActiveCfg = Release|Any CPU
		{6CEDC1E6-BD83-4D69-8B52-F0534E16F688}.Integration|x64.Build.0 = Release|Any CPU
		{6CEDC1E6-BD83-4D69-8B52-F0534E16F688}.Integration|x86.ActiveCfg = Release|Any CPU
		{6CEDC1E6-BD83-4D69-8B52-F0534E16F688}.Integration|x86.Build.0 = Release|Any CPU
		{6CEDC1E6-BD83-4D69-8B52-F0534E16F688}.Release|Any CPU.ActiveCfg = Release|Any CPU
		{6CEDC1E6-BD83-4D69-8B52-F0534E16F688}.Release|Any CPU.Build.0 = Release|Any CPU
		{6CEDC1E6-BD83-4D69-8B52-F0534E16F688}.Release|x64.ActiveCfg = Release|Any CPU
		{6CEDC1E6-BD83-4D69-8B52-F0534E16F688}.Release|x64.Build.0 = Release|Any CPU
		{6CEDC1E6-BD83-4D69-8B52-F0534E16F688}.Release|x86.ActiveCfg = Release|Any CPU
		{6CEDC1E6-BD83-4D69-8B52-F0534E16F688}.Release|x86.Build.0 = Release|Any CPU
		{145490C0-DA22-446B-8520-8F1206524A9C}.Debug|Any CPU.ActiveCfg = Debug|Any CPU
		{145490C0-DA22-446B-8520-8F1206524A9C}.Debug|Any CPU.Build.0 = Debug|Any CPU
		{145490C0-DA22-446B-8520-8F1206524A9C}.Debug|x64.ActiveCfg = Debug|Any CPU
		{145490C0-DA22-446B-8520-8F1206524A9C}.Debug|x64.Build.0 = Debug|Any CPU
		{145490C0-DA22-446B-8520-8F1206524A9C}.Debug|x86.ActiveCfg = Debug|Any CPU
		{145490C0-DA22-446B-8520-8F1206524A9C}.Debug|x86.Build.0 = Debug|Any CPU
		{145490C0-DA22-446B-8520-8F1206524A9C}.Integration|Any CPU.ActiveCfg = Release|Any CPU
		{145490C0-DA22-446B-8520-8F1206524A9C}.Integration|Any CPU.Build.0 = Release|Any CPU
		{145490C0-DA22-446B-8520-8F1206524A9C}.Integration|x64.ActiveCfg = Release|Any CPU
		{145490C0-DA22-446B-8520-8F1206524A9C}.Integration|x64.Build.0 = Release|Any CPU
		{145490C0-DA22-446B-8520-8F1206524A9C}.Integration|x86.ActiveCfg = Release|Any CPU
		{145490C0-DA22-446B-8520-8F1206524A9C}.Integration|x86.Build.0 = Release|Any CPU
		{145490C0-DA22-446B-8520-8F1206524A9C}.Release|Any CPU.ActiveCfg = Release|Any CPU
		{145490C0-DA22-446B-8520-8F1206524A9C}.Release|Any CPU.Build.0 = Release|Any CPU
		{145490C0-DA22-446B-8520-8F1206524A9C}.Release|x64.ActiveCfg = Release|Any CPU
		{145490C0-DA22-446B-8520-8F1206524A9C}.Release|x64.Build.0 = Release|Any CPU
		{145490C0-DA22-446B-8520-8F1206524A9C}.Release|x86.ActiveCfg = Release|Any CPU
		{145490C0-DA22-446B-8520-8F1206524A9C}.Release|x86.Build.0 = Release|Any CPU
	EndGlobalSection
	GlobalSection(SolutionProperties) = preSolution
		HideSolutionNode = FALSE
	EndGlobalSection
	GlobalSection(NestedProjects) = preSolution
		{D7CA14C3-1869-4928-91E4-3584DE3823C2} = {7F9975F0-7933-4353-BD9A-985E3FA049FE}
		{395971A0-0581-4062-B9C6-84C41CABBE8A} = {A092F616-1E32-4BF7-82EE-ACA3F8EF743F}
		{421A6AF4-DE30-47D4-9AA1-4B573A31C5F3} = {7F9975F0-7933-4353-BD9A-985E3FA049FE}
		{687614C3-2681-403A-998A-ADA65E02EA64} = {7F9975F0-7933-4353-BD9A-985E3FA049FE}
		{EF96EA11-C57A-4DE0-97F7-1AB7E20CA0BD} = {7F9975F0-7933-4353-BD9A-985E3FA049FE}
		{C38522E1-35BA-40F7-A1E9-716D52BB6C04} = {7F9975F0-7933-4353-BD9A-985E3FA049FE}
	EndGlobalSection
	GlobalSection(ExtensibilityGlobals) = postSolution
		SolutionGuid = {B49192F6-90B5-44E4-A475-BF41290D2459}
	EndGlobalSection
EndGlobal
