
Microsoft Visual Studio Solution File, Format Version 11.00
# Visual Studio 2010
Project("{FAE04EC0-301F-11D3-BF4B-00C04F79EFBC}") = "Buffalo2010.DB", "Buffalo.DB\Buffalo2010.DB.csproj", "{9B0043E4-883B-47BA-9A5A-5110C8583902}"
EndProject
Project("{FAE04EC0-301F-11D3-BF4B-00C04F79EFBC}") = "Buffalo2010.Kernel", "Buffalo.Kernel\Buffalo2010.Kernel.csproj", "{6EC04216-A422-4751-AA81-1211DCB10BAB}"
EndProject
Project("{FAE04EC0-301F-11D3-BF4B-00C04F79EFBC}") = "Buffalo2010.WebControls", "Buffalo.WebControls\Buffalo2010.WebControls.csproj", "{533404A2-5255-478A-9F57-F4C37EBD6DBF}"
EndProject
Project("{FAE04EC0-301F-11D3-BF4B-00C04F79EFBC}") = "Buffalo2010.Win32Kernel", "Buffalo.Win32Kernel\Buffalo2010.Win32Kernel.csproj", "{48492BAD-6312-4A80-A660-C0DA04957227}"
EndProject
Project("{FAE04EC0-301F-11D3-BF4B-00C04F79EFBC}") = "Buffalo2010.WinFormsControl", "Buffalo.WinFormsControl\Buffalo2010.WinFormsControl.csproj", "{E7808223-2E0F-44C3-A39D-26CF22A9D946}"
EndProject
Project("{FAE04EC0-301F-11D3-BF4B-00C04F79EFBC}") = "Buffalo2010.WebKernel", "Buffalo.WebKernel\Buffalo2010.WebKernel.csproj", "{CBD39541-7A26-4C92-A369-0F2DF5D13030}"
EndProject
Project("{FAE04EC0-301F-11D3-BF4B-00C04F79EFBC}") = "Buffalo2010.DBTools", "Buffalo.DBTools\Buffalo2010.DBTools.csproj", "{7A6773F7-7D53-4DF1-8BF4-D1E6634DB61B}"
EndProject
Project("{FAE04EC0-301F-11D3-BF4B-00C04F79EFBC}") = "Buffalo2010.GeneratorInfo", "Buffalo.GeneratorInfo\Buffalo2010.GeneratorInfo.csproj", "{6320C7DC-D4AE-4EA5-A2AB-B08B59062868}"
EndProject
Project("{FAE04EC0-301F-11D3-BF4B-00C04F79EFBC}") = "Buffalo2010.QueryCache", "Buffalo.QueryCache\Buffalo2010.QueryCache.csproj", "{DBF2C78A-FFD3-452A-8319-479036E68F80}"
EndProject
Project("{2150E333-8FDC-42A3-9474-1A3956D46DE8}") = "Buffalo.Data", "Buffalo.Data", "{A3D21964-4795-45CC-A96F-673C4F15AEB9}"
EndProject
Project("{FAE04EC0-301F-11D3-BF4B-00C04F79EFBC}") = "Buffalo2010.Data.DB2", "Buffalo.Data.DB2\Buffalo2010.Data.DB2.csproj", "{421A6AF4-DE30-47D4-9AA1-4B573A31C5F3}"
EndProject
Project("{FAE04EC0-301F-11D3-BF4B-00C04F79EFBC}") = "Buffalo2010.Data.MySQL", "Buffalo.Data.MySQL\Buffalo2010.Data.MySQL.csproj", "{687614C3-2681-403A-998A-ADA65E02EA64}"
EndProject
Project("{FAE04EC0-301F-11D3-BF4B-00C04F79EFBC}") = "Buffalo2010.Data.PostgreSQL", "Buffalo.Data.PostgreSQL\Buffalo2010.Data.PostgreSQL.csproj", "{EF96EA11-C57A-4DE0-97F7-1AB7E20CA0BD}"
EndProject
Project("{FAE04EC0-301F-11D3-BF4B-00C04F79EFBC}") = "Buffalo2010.Data.SQLite", "Buffalo.Data.SQLite\Buffalo2010.Data.SQLite.csproj", "{D7CA14C3-1869-4928-91E4-3584DE3823C2}"
EndProject
Project("{FAE04EC0-301F-11D3-BF4B-00C04F79EFBC}") = "Buffalo2010.Data.SQLite1066", "Buffalo.Data.SQLite\Buffalo2010.Data.SQLite1066.csproj", "{72ED840C-2A14-4EBD-A20D-4D66623EE16D}"
EndProject
Project("{2150E333-8FDC-42A3-9474-1A3956D46DE8}") = "SQLite", "SQLite", "{9BC41824-AC79-4CD6-AC8C-A2C60500FCF1}"
EndProject
Project("{FAE04EC0-301F-11D3-BF4B-00C04F79EFBC}") = "Buffalo2010.Data.SQLite.X64", "Buffalo.Data.SQLite\Buffalo2010.Data.SQLite.X64.csproj", "{5018A299-C020-48D2-83F8-5B11EBB3B709}"
EndProject
Project("{FAE04EC0-301F-11D3-BF4B-00C04F79EFBC}") = "Buffalo2010.Data.SQLite1066.X64", "Buffalo.Data.SQLite\Buffalo2010.Data.SQLite1066.X64.csproj", "{76EB67E0-53A6-4E99-B3B9-BFA320C84062}"
EndProject
Project("{2150E333-8FDC-42A3-9474-1A3956D46DE8}") = "Oracle", "Oracle", "{DED7C020-39CD-488C-8B73-1E337067C693}"
EndProject
Project("{FAE04EC0-301F-11D3-BF4B-00C04F79EFBC}") = "Buffalo2010.Data.Oracle12", "Buffalo.Data.Oracle12\Buffalo2010.Data.Oracle12.csproj", "{481A477B-AF05-48F7-ADF3-34FF703D8366}"
EndProject
Project("{FAE04EC0-301F-11D3-BF4B-00C04F79EFBC}") = "Buffalo2010.Data.Oracle12.X64", "Buffalo.Data.Oracle12\Buffalo2010.Data.Oracle12.X64.csproj", "{22A81FF4-0737-4092-ACB0-830E4A065EDD}"
EndProject
Project("{FAE04EC0-301F-11D3-BF4B-00C04F79EFBC}") = "Buffalo2010.Data.Oracle11", "Buffalo.Data.Oracle12\Buffalo2010.Data.Oracle11.csproj", "{684531C6-93D1-426D-9039-7DBA111003D4}"
EndProject
Project("{FAE04EC0-301F-11D3-BF4B-00C04F79EFBC}") = "Buffalo2010.Data.Oracle11.X64", "Buffalo.Data.Oracle12\Buffalo2010.Data.Oracle11.X64.csproj", "{E986EECF-0C55-4861-9440-2A7392249B9B}"
EndProject
Project("{FAE04EC0-301F-11D3-BF4B-00C04F79EFBC}") = "Buffalo2010.Storage", "Buffalo.Storage\Buffalo2010.Storage.csproj", "{F5B8E0F1-3F20-4E1A-B877-BF29952078E4}"
EndProject
Global
	GlobalSection(SolutionConfigurationPlatforms) = preSolution
		Debug|Any CPU = Debug|Any CPU
		Debug|Mixed Platforms = Debug|Mixed Platforms
		Debug|x86 = Debug|x86
		Release|Any CPU = Release|Any CPU
		Release|Mixed Platforms = Release|Mixed Platforms
		Release|x86 = Release|x86
	EndGlobalSection
	GlobalSection(ProjectConfigurationPlatforms) = postSolution
		{9B0043E4-883B-47BA-9A5A-5110C8583902}.Debug|Any CPU.ActiveCfg = Debug|Any CPU
		{9B0043E4-883B-47BA-9A5A-5110C8583902}.Debug|Any CPU.Build.0 = Debug|Any CPU
		{9B0043E4-883B-47BA-9A5A-5110C8583902}.Debug|Mixed Platforms.ActiveCfg = Debug|Any CPU
		{9B0043E4-883B-47BA-9A5A-5110C8583902}.Debug|Mixed Platforms.Build.0 = Debug|Any CPU
		{9B0043E4-883B-47BA-9A5A-5110C8583902}.Debug|x86.ActiveCfg = Debug|Any CPU
		{9B0043E4-883B-47BA-9A5A-5110C8583902}.Release|Any CPU.ActiveCfg = Release|Any CPU
		{9B0043E4-883B-47BA-9A5A-5110C8583902}.Release|Any CPU.Build.0 = Release|Any CPU
		{9B0043E4-883B-47BA-9A5A-5110C8583902}.Release|Mixed Platforms.ActiveCfg = Release|Any CPU
		{9B0043E4-883B-47BA-9A5A-5110C8583902}.Release|Mixed Platforms.Build.0 = Release|Any CPU
		{9B0043E4-883B-47BA-9A5A-5110C8583902}.Release|x86.ActiveCfg = Release|Any CPU
		{6EC04216-A422-4751-AA81-1211DCB10BAB}.Debug|Any CPU.ActiveCfg = Debug|Any CPU
		{6EC04216-A422-4751-AA81-1211DCB10BAB}.Debug|Any CPU.Build.0 = Debug|Any CPU
		{6EC04216-A422-4751-AA81-1211DCB10BAB}.Debug|Mixed Platforms.ActiveCfg = Debug|Any CPU
		{6EC04216-A422-4751-AA81-1211DCB10BAB}.Debug|Mixed Platforms.Build.0 = Debug|Any CPU
		{6EC04216-A422-4751-AA81-1211DCB10BAB}.Debug|x86.ActiveCfg = Debug|Any CPU
		{6EC04216-A422-4751-AA81-1211DCB10BAB}.Release|Any CPU.ActiveCfg = Release|Any CPU
		{6EC04216-A422-4751-AA81-1211DCB10BAB}.Release|Any CPU.Build.0 = Release|Any CPU
		{6EC04216-A422-4751-AA81-1211DCB10BAB}.Release|Mixed Platforms.ActiveCfg = Release|Any CPU
		{6EC04216-A422-4751-AA81-1211DCB10BAB}.Release|Mixed Platforms.Build.0 = Release|Any CPU
		{6EC04216-A422-4751-AA81-1211DCB10BAB}.Release|x86.ActiveCfg = Release|Any CPU
		{533404A2-5255-478A-9F57-F4C37EBD6DBF}.Debug|Any CPU.ActiveCfg = Debug|Any CPU
		{533404A2-5255-478A-9F57-F4C37EBD6DBF}.Debug|Any CPU.Build.0 = Debug|Any CPU
		{533404A2-5255-478A-9F57-F4C37EBD6DBF}.Debug|Mixed Platforms.ActiveCfg = Debug|Any CPU
		{533404A2-5255-478A-9F57-F4C37EBD6DBF}.Debug|Mixed Platforms.Build.0 = Debug|Any CPU
		{533404A2-5255-478A-9F57-F4C37EBD6DBF}.Debug|x86.ActiveCfg = Debug|Any CPU
		{533404A2-5255-478A-9F57-F4C37EBD6DBF}.Release|Any CPU.ActiveCfg = Release|Any CPU
		{533404A2-5255-478A-9F57-F4C37EBD6DBF}.Release|Any CPU.Build.0 = Release|Any CPU
		{533404A2-5255-478A-9F57-F4C37EBD6DBF}.Release|Mixed Platforms.ActiveCfg = Release|Any CPU
		{533404A2-5255-478A-9F57-F4C37EBD6DBF}.Release|Mixed Platforms.Build.0 = Release|Any CPU
		{533404A2-5255-478A-9F57-F4C37EBD6DBF}.Release|x86.ActiveCfg = Release|Any CPU
		{48492BAD-6312-4A80-A660-C0DA04957227}.Debug|Any CPU.ActiveCfg = Debug|Any CPU
		{48492BAD-6312-4A80-A660-C0DA04957227}.Debug|Any CPU.Build.0 = Debug|Any CPU
		{48492BAD-6312-4A80-A660-C0DA04957227}.Debug|Mixed Platforms.ActiveCfg = Debug|Any CPU
		{48492BAD-6312-4A80-A660-C0DA04957227}.Debug|Mixed Platforms.Build.0 = Debug|Any CPU
		{48492BAD-6312-4A80-A660-C0DA04957227}.Debug|x86.ActiveCfg = Debug|Any CPU
		{48492BAD-6312-4A80-A660-C0DA04957227}.Release|Any CPU.ActiveCfg = Release|Any CPU
		{48492BAD-6312-4A80-A660-C0DA04957227}.Release|Any CPU.Build.0 = Release|Any CPU
		{48492BAD-6312-4A80-A660-C0DA04957227}.Release|Mixed Platforms.ActiveCfg = Release|Any CPU
		{48492BAD-6312-4A80-A660-C0DA04957227}.Release|Mixed Platforms.Build.0 = Release|Any CPU
		{48492BAD-6312-4A80-A660-C0DA04957227}.Release|x86.ActiveCfg = Release|Any CPU
		{E7808223-2E0F-44C3-A39D-26CF22A9D946}.Debug|Any CPU.ActiveCfg = Debug|Any CPU
		{E7808223-2E0F-44C3-A39D-26CF22A9D946}.Debug|Any CPU.Build.0 = Debug|Any CPU
		{E7808223-2E0F-44C3-A39D-26CF22A9D946}.Debug|Mixed Platforms.ActiveCfg = Debug|Any CPU
		{E7808223-2E0F-44C3-A39D-26CF22A9D946}.Debug|Mixed Platforms.Build.0 = Debug|Any CPU
		{E7808223-2E0F-44C3-A39D-26CF22A9D946}.Debug|x86.ActiveCfg = Debug|Any CPU
		{E7808223-2E0F-44C3-A39D-26CF22A9D946}.Release|Any CPU.ActiveCfg = Release|Any CPU
		{E7808223-2E0F-44C3-A39D-26CF22A9D946}.Release|Any CPU.Build.0 = Release|Any CPU
		{E7808223-2E0F-44C3-A39D-26CF22A9D946}.Release|Mixed Platforms.ActiveCfg = Release|Any CPU
		{E7808223-2E0F-44C3-A39D-26CF22A9D946}.Release|Mixed Platforms.Build.0 = Release|Any CPU
		{E7808223-2E0F-44C3-A39D-26CF22A9D946}.Release|x86.ActiveCfg = Release|Any CPU
		{CBD39541-7A26-4C92-A369-0F2DF5D13030}.Debug|Any CPU.ActiveCfg = Debug|Any CPU
		{CBD39541-7A26-4C92-A369-0F2DF5D13030}.Debug|Any CPU.Build.0 = Debug|Any CPU
		{CBD39541-7A26-4C92-A369-0F2DF5D13030}.Debug|Mixed Platforms.ActiveCfg = Debug|Any CPU
		{CBD39541-7A26-4C92-A369-0F2DF5D13030}.Debug|Mixed Platforms.Build.0 = Debug|Any CPU
		{CBD39541-7A26-4C92-A369-0F2DF5D13030}.Debug|x86.ActiveCfg = Debug|Any CPU
		{CBD39541-7A26-4C92-A369-0F2DF5D13030}.Release|Any CPU.ActiveCfg = Release|Any CPU
		{CBD39541-7A26-4C92-A369-0F2DF5D13030}.Release|Any CPU.Build.0 = Release|Any CPU
		{CBD39541-7A26-4C92-A369-0F2DF5D13030}.Release|Mixed Platforms.ActiveCfg = Release|Any CPU
		{CBD39541-7A26-4C92-A369-0F2DF5D13030}.Release|Mixed Platforms.Build.0 = Release|Any CPU
		{CBD39541-7A26-4C92-A369-0F2DF5D13030}.Release|x86.ActiveCfg = Release|Any CPU
		{7A6773F7-7D53-4DF1-8BF4-D1E6634DB61B}.Debug|Any CPU.ActiveCfg = Debug|Any CPU
		{7A6773F7-7D53-4DF1-8BF4-D1E6634DB61B}.Debug|Any CPU.Build.0 = Debug|Any CPU
		{7A6773F7-7D53-4DF1-8BF4-D1E6634DB61B}.Debug|Mixed Platforms.ActiveCfg = Debug|Any CPU
		{7A6773F7-7D53-4DF1-8BF4-D1E6634DB61B}.Debug|Mixed Platforms.Build.0 = Debug|Any CPU
		{7A6773F7-7D53-4DF1-8BF4-D1E6634DB61B}.Debug|x86.ActiveCfg = Debug|Any CPU
		{7A6773F7-7D53-4DF1-8BF4-D1E6634DB61B}.Release|Any CPU.ActiveCfg = Release|Any CPU
		{7A6773F7-7D53-4DF1-8BF4-D1E6634DB61B}.Release|Any CPU.Build.0 = Release|Any CPU
		{7A6773F7-7D53-4DF1-8BF4-D1E6634DB61B}.Release|Mixed Platforms.ActiveCfg = Release|Any CPU
		{7A6773F7-7D53-4DF1-8BF4-D1E6634DB61B}.Release|Mixed Platforms.Build.0 = Release|Any CPU
		{7A6773F7-7D53-4DF1-8BF4-D1E6634DB61B}.Release|x86.ActiveCfg = Release|Any CPU
		{6320C7DC-D4AE-4EA5-A2AB-B08B59062868}.Debug|Any CPU.ActiveCfg = Debug|Any CPU
		{6320C7DC-D4AE-4EA5-A2AB-B08B59062868}.Debug|Any CPU.Build.0 = Debug|Any CPU
		{6320C7DC-D4AE-4EA5-A2AB-B08B59062868}.Debug|Mixed Platforms.ActiveCfg = Debug|Any CPU
		{6320C7DC-D4AE-4EA5-A2AB-B08B59062868}.Debug|Mixed Platforms.Build.0 = Debug|Any CPU
		{6320C7DC-D4AE-4EA5-A2AB-B08B59062868}.Debug|x86.ActiveCfg = Debug|Any CPU
		{6320C7DC-D4AE-4EA5-A2AB-B08B59062868}.Release|Any CPU.ActiveCfg = Release|Any CPU
		{6320C7DC-D4AE-4EA5-A2AB-B08B59062868}.Release|Any CPU.Build.0 = Release|Any CPU
		{6320C7DC-D4AE-4EA5-A2AB-B08B59062868}.Release|Mixed Platforms.ActiveCfg = Release|Any CPU
		{6320C7DC-D4AE-4EA5-A2AB-B08B59062868}.Release|Mixed Platforms.Build.0 = Release|Any CPU
		{6320C7DC-D4AE-4EA5-A2AB-B08B59062868}.Release|x86.ActiveCfg = Release|Any CPU
		{DBF2C78A-FFD3-452A-8319-479036E68F80}.Debug|Any CPU.ActiveCfg = Debug|Any CPU
		{DBF2C78A-FFD3-452A-8319-479036E68F80}.Debug|Any CPU.Build.0 = Debug|Any CPU
		{DBF2C78A-FFD3-452A-8319-479036E68F80}.Debug|Mixed Platforms.ActiveCfg = Debug|Any CPU
		{DBF2C78A-FFD3-452A-8319-479036E68F80}.Debug|Mixed Platforms.Build.0 = Debug|Any CPU
		{DBF2C78A-FFD3-452A-8319-479036E68F80}.Debug|x86.ActiveCfg = Debug|Any CPU
		{DBF2C78A-FFD3-452A-8319-479036E68F80}.Release|Any CPU.ActiveCfg = Release|Any CPU
		{DBF2C78A-FFD3-452A-8319-479036E68F80}.Release|Any CPU.Build.0 = Release|Any CPU
		{DBF2C78A-FFD3-452A-8319-479036E68F80}.Release|Mixed Platforms.ActiveCfg = Release|Any CPU
		{DBF2C78A-FFD3-452A-8319-479036E68F80}.Release|Mixed Platforms.Build.0 = Release|Any CPU
		{DBF2C78A-FFD3-452A-8319-479036E68F80}.Release|x86.ActiveCfg = Release|Any CPU
		{421A6AF4-DE30-47D4-9AA1-4B573A31C5F3}.Debug|Any CPU.ActiveCfg = Debug|Any CPU
		{421A6AF4-DE30-47D4-9AA1-4B573A31C5F3}.Debug|Any CPU.Build.0 = Debug|Any CPU
		{421A6AF4-DE30-47D4-9AA1-4B573A31C5F3}.Debug|Mixed Platforms.ActiveCfg = Debug|Any CPU
		{421A6AF4-DE30-47D4-9AA1-4B573A31C5F3}.Debug|Mixed Platforms.Build.0 = Debug|Any CPU
		{421A6AF4-DE30-47D4-9AA1-4B573A31C5F3}.Debug|x86.ActiveCfg = Debug|Any CPU
		{421A6AF4-DE30-47D4-9AA1-4B573A31C5F3}.Release|Any CPU.ActiveCfg = Release|Any CPU
		{421A6AF4-DE30-47D4-9AA1-4B573A31C5F3}.Release|Any CPU.Build.0 = Release|Any CPU
		{421A6AF4-DE30-47D4-9AA1-4B573A31C5F3}.Release|Mixed Platforms.ActiveCfg = Release|Any CPU
		{421A6AF4-DE30-47D4-9AA1-4B573A31C5F3}.Release|Mixed Platforms.Build.0 = Release|Any CPU
		{421A6AF4-DE30-47D4-9AA1-4B573A31C5F3}.Release|x86.ActiveCfg = Release|Any CPU
		{687614C3-2681-403A-998A-ADA65E02EA64}.Debug|Any CPU.ActiveCfg = Debug|Any CPU
		{687614C3-2681-403A-998A-ADA65E02EA64}.Debug|Any CPU.Build.0 = Debug|Any CPU
		{687614C3-2681-403A-998A-ADA65E02EA64}.Debug|Mixed Platforms.ActiveCfg = Debug|Any CPU
		{687614C3-2681-403A-998A-ADA65E02EA64}.Debug|Mixed Platforms.Build.0 = Debug|Any CPU
		{687614C3-2681-403A-998A-ADA65E02EA64}.Debug|x86.ActiveCfg = Debug|Any CPU
		{687614C3-2681-403A-998A-ADA65E02EA64}.Release|Any CPU.ActiveCfg = Release|Any CPU
		{687614C3-2681-403A-998A-ADA65E02EA64}.Release|Any CPU.Build.0 = Release|Any CPU
		{687614C3-2681-403A-998A-ADA65E02EA64}.Release|Mixed Platforms.ActiveCfg = Release|Any CPU
		{687614C3-2681-403A-998A-ADA65E02EA64}.Release|Mixed Platforms.Build.0 = Release|Any CPU
		{687614C3-2681-403A-998A-ADA65E02EA64}.Release|x86.ActiveCfg = Release|Any CPU
		{EF96EA11-C57A-4DE0-97F7-1AB7E20CA0BD}.Debug|Any CPU.ActiveCfg = Debug|Any CPU
		{EF96EA11-C57A-4DE0-97F7-1AB7E20CA0BD}.Debug|Any CPU.Build.0 = Debug|Any CPU
		{EF96EA11-C57A-4DE0-97F7-1AB7E20CA0BD}.Debug|Mixed Platforms.ActiveCfg = Debug|Any CPU
		{EF96EA11-C57A-4DE0-97F7-1AB7E20CA0BD}.Debug|Mixed Platforms.Build.0 = Debug|Any CPU
		{EF96EA11-C57A-4DE0-97F7-1AB7E20CA0BD}.Debug|x86.ActiveCfg = Debug|Any CPU
		{EF96EA11-C57A-4DE0-97F7-1AB7E20CA0BD}.Release|Any CPU.ActiveCfg = Release|Any CPU
		{EF96EA11-C57A-4DE0-97F7-1AB7E20CA0BD}.Release|Any CPU.Build.0 = Release|Any CPU
		{EF96EA11-C57A-4DE0-97F7-1AB7E20CA0BD}.Release|Mixed Platforms.ActiveCfg = Release|Any CPU
		{EF96EA11-C57A-4DE0-97F7-1AB7E20CA0BD}.Release|Mixed Platforms.Build.0 = Release|Any CPU
		{EF96EA11-C57A-4DE0-97F7-1AB7E20CA0BD}.Release|x86.ActiveCfg = Release|Any CPU
		{D7CA14C3-1869-4928-91E4-3584DE3823C2}.Debug|Any CPU.ActiveCfg = Debug|Any CPU
		{D7CA14C3-1869-4928-91E4-3584DE3823C2}.Debug|Any CPU.Build.0 = Debug|Any CPU
		{D7CA14C3-1869-4928-91E4-3584DE3823C2}.Debug|Mixed Platforms.ActiveCfg = Debug|Any CPU
		{D7CA14C3-1869-4928-91E4-3584DE3823C2}.Debug|Mixed Platforms.Build.0 = Debug|Any CPU
		{D7CA14C3-1869-4928-91E4-3584DE3823C2}.Debug|x86.ActiveCfg = Debug|Any CPU
		{D7CA14C3-1869-4928-91E4-3584DE3823C2}.Release|Any CPU.ActiveCfg = Release|Any CPU
		{D7CA14C3-1869-4928-91E4-3584DE3823C2}.Release|Any CPU.Build.0 = Release|Any CPU
		{D7CA14C3-1869-4928-91E4-3584DE3823C2}.Release|Mixed Platforms.ActiveCfg = Release|Any CPU
		{D7CA14C3-1869-4928-91E4-3584DE3823C2}.Release|Mixed Platforms.Build.0 = Release|Any CPU
		{D7CA14C3-1869-4928-91E4-3584DE3823C2}.Release|x86.ActiveCfg = Release|Any CPU
		{72ED840C-2A14-4EBD-A20D-4D66623EE16D}.Debug|Any CPU.ActiveCfg = Debug|Any CPU
		{72ED840C-2A14-4EBD-A20D-4D66623EE16D}.Debug|Any CPU.Build.0 = Debug|Any CPU
		{72ED840C-2A14-4EBD-A20D-4D66623EE16D}.Debug|Mixed Platforms.ActiveCfg = Debug|Any CPU
		{72ED840C-2A14-4EBD-A20D-4D66623EE16D}.Debug|Mixed Platforms.Build.0 = Debug|Any CPU
		{72ED840C-2A14-4EBD-A20D-4D66623EE16D}.Debug|x86.ActiveCfg = Debug|Any CPU
		{72ED840C-2A14-4EBD-A20D-4D66623EE16D}.Release|Any CPU.ActiveCfg = Release|Any CPU
		{72ED840C-2A14-4EBD-A20D-4D66623EE16D}.Release|Any CPU.Build.0 = Release|Any CPU
		{72ED840C-2A14-4EBD-A20D-4D66623EE16D}.Release|Mixed Platforms.ActiveCfg = Release|Any CPU
		{72ED840C-2A14-4EBD-A20D-4D66623EE16D}.Release|Mixed Platforms.Build.0 = Release|Any CPU
		{72ED840C-2A14-4EBD-A20D-4D66623EE16D}.Release|x86.ActiveCfg = Release|Any CPU
		{5018A299-C020-48D2-83F8-5B11EBB3B709}.Debug|Any CPU.ActiveCfg = Debug|Any CPU
		{5018A299-C020-48D2-83F8-5B11EBB3B709}.Debug|Any CPU.Build.0 = Debug|Any CPU
		{5018A299-C020-48D2-83F8-5B11EBB3B709}.Debug|Mixed Platforms.ActiveCfg = Debug|Any CPU
		{5018A299-C020-48D2-83F8-5B11EBB3B709}.Debug|Mixed Platforms.Build.0 = Debug|Any CPU
		{5018A299-C020-48D2-83F8-5B11EBB3B709}.Debug|x86.ActiveCfg = Debug|Any CPU
		{5018A299-C020-48D2-83F8-5B11EBB3B709}.Release|Any CPU.ActiveCfg = Release|Any CPU
		{5018A299-C020-48D2-83F8-5B11EBB3B709}.Release|Any CPU.Build.0 = Release|Any CPU
		{5018A299-C020-48D2-83F8-5B11EBB3B709}.Release|Mixed Platforms.ActiveCfg = Release|Any CPU
		{5018A299-C020-48D2-83F8-5B11EBB3B709}.Release|Mixed Platforms.Build.0 = Release|Any CPU
		{5018A299-C020-48D2-83F8-5B11EBB3B709}.Release|x86.ActiveCfg = Release|Any CPU
		{76EB67E0-53A6-4E99-B3B9-BFA320C84062}.Debug|Any CPU.ActiveCfg = Debug|Any CPU
		{76EB67E0-53A6-4E99-B3B9-BFA320C84062}.Debug|Any CPU.Build.0 = Debug|Any CPU
		{76EB67E0-53A6-4E99-B3B9-BFA320C84062}.Debug|Mixed Platforms.ActiveCfg = Debug|Any CPU
		{76EB67E0-53A6-4E99-B3B9-BFA320C84062}.Debug|Mixed Platforms.Build.0 = Debug|Any CPU
		{76EB67E0-53A6-4E99-B3B9-BFA320C84062}.Debug|x86.ActiveCfg = Debug|Any CPU
		{76EB67E0-53A6-4E99-B3B9-BFA320C84062}.Release|Any CPU.ActiveCfg = Release|Any CPU
		{76EB67E0-53A6-4E99-B3B9-BFA320C84062}.Release|Any CPU.Build.0 = Release|Any CPU
		{76EB67E0-53A6-4E99-B3B9-BFA320C84062}.Release|Mixed Platforms.ActiveCfg = Release|Any CPU
		{76EB67E0-53A6-4E99-B3B9-BFA320C84062}.Release|Mixed Platforms.Build.0 = Release|Any CPU
		{76EB67E0-53A6-4E99-B3B9-BFA320C84062}.Release|x86.ActiveCfg = Release|Any CPU
		{481A477B-AF05-48F7-ADF3-34FF703D8366}.Debug|Any CPU.ActiveCfg = Debug|Any CPU
		{481A477B-AF05-48F7-ADF3-34FF703D8366}.Debug|Any CPU.Build.0 = Debug|Any CPU
		{481A477B-AF05-48F7-ADF3-34FF703D8366}.Debug|Mixed Platforms.ActiveCfg = Debug|Any CPU
		{481A477B-AF05-48F7-ADF3-34FF703D8366}.Debug|Mixed Platforms.Build.0 = Debug|Any CPU
		{481A477B-AF05-48F7-ADF3-34FF703D8366}.Debug|x86.ActiveCfg = Debug|Any CPU
		{481A477B-AF05-48F7-ADF3-34FF703D8366}.Release|Any CPU.ActiveCfg = Release|Any CPU
		{481A477B-AF05-48F7-ADF3-34FF703D8366}.Release|Any CPU.Build.0 = Release|Any CPU
		{481A477B-AF05-48F7-ADF3-34FF703D8366}.Release|Mixed Platforms.ActiveCfg = Release|Any CPU
		{481A477B-AF05-48F7-ADF3-34FF703D8366}.Release|Mixed Platforms.Build.0 = Release|Any CPU
		{481A477B-AF05-48F7-ADF3-34FF703D8366}.Release|x86.ActiveCfg = Release|Any CPU
		{22A81FF4-0737-4092-ACB0-830E4A065EDD}.Debug|Any CPU.ActiveCfg = Debug|Any CPU
		{22A81FF4-0737-4092-ACB0-830E4A065EDD}.Debug|Any CPU.Build.0 = Debug|Any CPU
		{22A81FF4-0737-4092-ACB0-830E4A065EDD}.Debug|Mixed Platforms.ActiveCfg = Debug|Any CPU
		{22A81FF4-0737-4092-ACB0-830E4A065EDD}.Debug|Mixed Platforms.Build.0 = Debug|Any CPU
		{22A81FF4-0737-4092-ACB0-830E4A065EDD}.Debug|x86.ActiveCfg = Debug|Any CPU
		{22A81FF4-0737-4092-ACB0-830E4A065EDD}.Release|Any CPU.ActiveCfg = Release|Any CPU
		{22A81FF4-0737-4092-ACB0-830E4A065EDD}.Release|Any CPU.Build.0 = Release|Any CPU
		{22A81FF4-0737-4092-ACB0-830E4A065EDD}.Release|Mixed Platforms.ActiveCfg = Release|Any CPU
		{22A81FF4-0737-4092-ACB0-830E4A065EDD}.Release|Mixed Platforms.Build.0 = Release|Any CPU
		{22A81FF4-0737-4092-ACB0-830E4A065EDD}.Release|x86.ActiveCfg = Release|Any CPU
		{684531C6-93D1-426D-9039-7DBA111003D4}.Debug|Any CPU.ActiveCfg = Debug|Any CPU
		{684531C6-93D1-426D-9039-7DBA111003D4}.Debug|Any CPU.Build.0 = Debug|Any CPU
		{684531C6-93D1-426D-9039-7DBA111003D4}.Debug|Mixed Platforms.ActiveCfg = Debug|Any CPU
		{684531C6-93D1-426D-9039-7DBA111003D4}.Debug|Mixed Platforms.Build.0 = Debug|Any CPU
		{684531C6-93D1-426D-9039-7DBA111003D4}.Debug|x86.ActiveCfg = Debug|Any CPU
		{684531C6-93D1-426D-9039-7DBA111003D4}.Release|Any CPU.ActiveCfg = Release|Any CPU
		{684531C6-93D1-426D-9039-7DBA111003D4}.Release|Any CPU.Build.0 = Release|Any CPU
		{684531C6-93D1-426D-9039-7DBA111003D4}.Release|Mixed Platforms.ActiveCfg = Release|Any CPU
		{684531C6-93D1-426D-9039-7DBA111003D4}.Release|Mixed Platforms.Build.0 = Release|Any CPU
		{684531C6-93D1-426D-9039-7DBA111003D4}.Release|x86.ActiveCfg = Release|Any CPU
		{E986EECF-0C55-4861-9440-2A7392249B9B}.Debug|Any CPU.ActiveCfg = Debug|Any CPU
		{E986EECF-0C55-4861-9440-2A7392249B9B}.Debug|Any CPU.Build.0 = Debug|Any CPU
		{E986EECF-0C55-4861-9440-2A7392249B9B}.Debug|Mixed Platforms.ActiveCfg = Debug|Any CPU
		{E986EECF-0C55-4861-9440-2A7392249B9B}.Debug|Mixed Platforms.Build.0 = Debug|Any CPU
		{E986EECF-0C55-4861-9440-2A7392249B9B}.Debug|x86.ActiveCfg = Debug|Any CPU
		{E986EECF-0C55-4861-9440-2A7392249B9B}.Release|Any CPU.ActiveCfg = Release|Any CPU
		{E986EECF-0C55-4861-9440-2A7392249B9B}.Release|Any CPU.Build.0 = Release|Any CPU
		{E986EECF-0C55-4861-9440-2A7392249B9B}.Release|Mixed Platforms.ActiveCfg = Release|Any CPU
		{E986EECF-0C55-4861-9440-2A7392249B9B}.Release|Mixed Platforms.Build.0 = Release|Any CPU
		{E986EECF-0C55-4861-9440-2A7392249B9B}.Release|x86.ActiveCfg = Release|Any CPU
		{F5B8E0F1-3F20-4E1A-B877-BF29952078E4}.Debug|Any CPU.ActiveCfg = Debug|Any CPU
		{F5B8E0F1-3F20-4E1A-B877-BF29952078E4}.Debug|Any CPU.Build.0 = Debug|Any CPU
		{F5B8E0F1-3F20-4E1A-B877-BF29952078E4}.Debug|Mixed Platforms.ActiveCfg = Debug|Any CPU
		{F5B8E0F1-3F20-4E1A-B877-BF29952078E4}.Debug|Mixed Platforms.Build.0 = Debug|Any CPU
		{F5B8E0F1-3F20-4E1A-B877-BF29952078E4}.Debug|x86.ActiveCfg = Debug|Any CPU
		{F5B8E0F1-3F20-4E1A-B877-BF29952078E4}.Release|Any CPU.ActiveCfg = Release|Any CPU
		{F5B8E0F1-3F20-4E1A-B877-BF29952078E4}.Release|Any CPU.Build.0 = Release|Any CPU
		{F5B8E0F1-3F20-4E1A-B877-BF29952078E4}.Release|Mixed Platforms.ActiveCfg = Release|Any CPU
		{F5B8E0F1-3F20-4E1A-B877-BF29952078E4}.Release|Mixed Platforms.Build.0 = Release|Any CPU
		{F5B8E0F1-3F20-4E1A-B877-BF29952078E4}.Release|x86.ActiveCfg = Release|Any CPU
	EndGlobalSection
	GlobalSection(SolutionProperties) = preSolution
		HideSolutionNode = FALSE
	EndGlobalSection
	GlobalSection(NestedProjects) = preSolution
		{421A6AF4-DE30-47D4-9AA1-4B573A31C5F3} = {A3D21964-4795-45CC-A96F-673C4F15AEB9}
		{687614C3-2681-403A-998A-ADA65E02EA64} = {A3D21964-4795-45CC-A96F-673C4F15AEB9}
		{EF96EA11-C57A-4DE0-97F7-1AB7E20CA0BD} = {A3D21964-4795-45CC-A96F-673C4F15AEB9}
		{9BC41824-AC79-4CD6-AC8C-A2C60500FCF1} = {A3D21964-4795-45CC-A96F-673C4F15AEB9}
		{DED7C020-39CD-488C-8B73-1E337067C693} = {A3D21964-4795-45CC-A96F-673C4F15AEB9}
		{72ED840C-2A14-4EBD-A20D-4D66623EE16D} = {9BC41824-AC79-4CD6-AC8C-A2C60500FCF1}
		{D7CA14C3-1869-4928-91E4-3584DE3823C2} = {9BC41824-AC79-4CD6-AC8C-A2C60500FCF1}
		{5018A299-C020-48D2-83F8-5B11EBB3B709} = {9BC41824-AC79-4CD6-AC8C-A2C60500FCF1}
		{76EB67E0-53A6-4E99-B3B9-BFA320C84062} = {9BC41824-AC79-4CD6-AC8C-A2C60500FCF1}
		{481A477B-AF05-48F7-ADF3-34FF703D8366} = {DED7C020-39CD-488C-8B73-1E337067C693}
		{22A81FF4-0737-4092-ACB0-830E4A065EDD} = {DED7C020-39CD-488C-8B73-1E337067C693}
		{684531C6-93D1-426D-9039-7DBA111003D4} = {DED7C020-39CD-488C-8B73-1E337067C693}
		{E986EECF-0C55-4861-9440-2A7392249B9B} = {DED7C020-39CD-488C-8B73-1E337067C693}
	EndGlobalSection
EndGlobal
