
Microsoft Visual Studio Solution File, Format Version 9.00
# Visual Studio 2005
Project("{FAE04EC0-301F-11D3-BF4B-00C04F79EFBC}") = "UpdateHelper", "UpdateHelper\UpdateHelper.csproj", "{C605D597-D32B-41D9-B471-0B6EE6019328}"
EndProject
Project("{FAE04EC0-301F-11D3-BF4B-00C04F79EFBC}") = "Buffalo.Kernel", "..\..\SourceCode\Buffalo.Kernel\Buffalo.Kernel.csproj", "{6EC04216-A422-4751-AA81-1211DCB10BAB}"
EndProject
Global
	GlobalSection(SolutionConfigurationPlatforms) = preSolution
		Debug|Any CPU = Debug|Any CPU
		Release|Any CPU = Release|Any CPU
	EndGlobalSection
	GlobalSection(ProjectConfigurationPlatforms) = postSolution
		{C605D597-D32B-41D9-B471-0B6EE6019328}.Debug|Any CPU.ActiveCfg = Debug|Any CPU
		{C605D597-D32B-41D9-B471-0B6EE6019328}.Debug|Any CPU.Build.0 = Debug|Any CPU
		{C605D597-D32B-41D9-B471-0B6EE6019328}.Release|Any CPU.ActiveCfg = Release|Any CPU
		{C605D597-D32B-41D9-B471-0B6EE6019328}.Release|Any CPU.Build.0 = Release|Any CPU
		{6EC04216-A422-4751-AA81-1211DCB10BAB}.Debug|Any CPU.ActiveCfg = Debug|Any CPU
		{6EC04216-A422-4751-AA81-1211DCB10BAB}.Debug|Any CPU.Build.0 = Debug|Any CPU
		{6EC04216-A422-4751-AA81-1211DCB10BAB}.Release|Any CPU.ActiveCfg = Release|Any CPU
		{6EC04216-A422-4751-AA81-1211DCB10BAB}.Release|Any CPU.Build.0 = Release|Any CPU
	EndGlobalSection
	GlobalSection(SolutionProperties) = preSolution
		HideSolutionNode = FALSE
	EndGlobalSection
EndGlobal
