
Microsoft Visual Studio Solution File, Format Version 12.00
# Visual Studio Version 16
VisualStudioVersion = 16.0.29201.188
MinimumVisualStudioVersion = 10.0.40219.1
Project("{9A19103F-16F7-4668-BE54-9A1E7A4F7556}") = "Buffalo.Kernel", "Buffalo.Kernel\Buffalo.Kernel.csproj", "{9C4AC141-D7F1-4F3A-A56D-FD23BBDFB85E}"
EndProject
Project("{9A19103F-16F7-4668-BE54-9A1E7A4F7556}") = "Buffalo.DB", "Buffalo.DB\Buffalo.DB.csproj", "{ABE70DAA-718B-467D-9FA8-5E041BC84A87}"
EndProject
Project("{9A19103F-16F7-4668-BE54-9A1E7A4F7556}") = "Buffalo.ArgCommon", "Buffalo.ArgCommon\Buffalo.ArgCommon.csproj", "{EFA79903-1CC3-4CBB-AD4D-2A6CDD5C2409}"
EndProject
Project("{2150E333-8FDC-42A3-9474-1A3956D46DE8}") = "Buffalo.Data", "Buffalo.Data", "{5EB49FC6-2CE5-4B66-A8F9-C3E91E1EA712}"
EndProject
Project("{9A19103F-16F7-4668-BE54-9A1E7A4F7556}") = "Buffalo.Data.DB2", "Buffalo.Data.DB2\Buffalo.Data.DB2.csproj", "{BA50FC73-D46C-4D5F-B6FA-8EE9A1B28A8F}"
EndProject
Project("{9A19103F-16F7-4668-BE54-9A1E7A4F7556}") = "Buffalo.Data.MySQL", "Buffalo.Data.MySQL\Buffalo.Data.MySQL.csproj", "{5A098095-8856-4E91-85D0-B3849BFCC9BF}"
EndProject
Project("{9A19103F-16F7-4668-BE54-9A1E7A4F7556}") = "Buffalo.Data.Oracle", "Buffalo.Data.Oracle\Buffalo.Data.Oracle.csproj", "{C420D772-B9B1-4FEC-A138-1F37E9C76132}"
EndProject
Project("{9A19103F-16F7-4668-BE54-9A1E7A4F7556}") = "Buffalo.Data.PostgreSQL", "Buffalo.Data.PostgreSQL\Buffalo.Data.PostgreSQL.csproj", "{7A4A96CE-2AA5-468C-BF6F-73C5DC969606}"
EndProject
Project("{9A19103F-16F7-4668-BE54-9A1E7A4F7556}") = "Buffalo.Data.SQLite", "Buffalo.Data.SQLite\Buffalo.Data.SQLite.csproj", "{5CD4B2C4-22AC-4F24-B519-0C7724CF3D9A}"
EndProject
Project("{9A19103F-16F7-4668-BE54-9A1E7A4F7556}") = "Buffalo.QueryCache", "Buffalo.QueryCache\Buffalo.QueryCache.csproj", "{28D5E8B9-6AC2-4F15-8032-EFF80C18641D}"
EndProject
Project("{9A19103F-16F7-4668-BE54-9A1E7A4F7556}") = "Buffalo.Storage", "Buffalo.Storage\Buffalo.Storage.csproj", "{BE9561D5-9624-4DB9-AFBE-DD394820D5EE}"
EndProject
Project("{9A19103F-16F7-4668-BE54-9A1E7A4F7556}") = "Buffalo.MongoDB", "Buffalo.MongoDB\Buffalo.MongoDB.csproj", "{662748CE-43D3-4A9C-9F96-762829D5690D}"
EndProject
Project("{9A19103F-16F7-4668-BE54-9A1E7A4F7556}") = "Buffalo.MQ", "Buffalo.MQ\Buffalo.MQ.csproj", "{647704CB-689C-4B9D-A07F-E76D1E09EFFD}"
EndProject
Global
	GlobalSection(SolutionConfigurationPlatforms) = preSolution
		Debug|Any CPU = Debug|Any CPU
		Release|Any CPU = Release|Any CPU
	EndGlobalSection
	GlobalSection(ProjectConfigurationPlatforms) = postSolution
		{9C4AC141-D7F1-4F3A-A56D-FD23BBDFB85E}.Debug|Any CPU.ActiveCfg = Debug|Any CPU
		{9C4AC141-D7F1-4F3A-A56D-FD23BBDFB85E}.Debug|Any CPU.Build.0 = Debug|Any CPU
		{9C4AC141-D7F1-4F3A-A56D-FD23BBDFB85E}.Release|Any CPU.ActiveCfg = Release|Any CPU
		{9C4AC141-D7F1-4F3A-A56D-FD23BBDFB85E}.Release|Any CPU.Build.0 = Release|Any CPU
		{ABE70DAA-718B-467D-9FA8-5E041BC84A87}.Debug|Any CPU.ActiveCfg = Debug|Any CPU
		{ABE70DAA-718B-467D-9FA8-5E041BC84A87}.Debug|Any CPU.Build.0 = Debug|Any CPU
		{ABE70DAA-718B-467D-9FA8-5E041BC84A87}.Release|Any CPU.ActiveCfg = Release|Any CPU
		{ABE70DAA-718B-467D-9FA8-5E041BC84A87}.Release|Any CPU.Build.0 = Release|Any CPU
		{EFA79903-1CC3-4CBB-AD4D-2A6CDD5C2409}.Debug|Any CPU.ActiveCfg = Debug|Any CPU
		{EFA79903-1CC3-4CBB-AD4D-2A6CDD5C2409}.Debug|Any CPU.Build.0 = Debug|Any CPU
		{EFA79903-1CC3-4CBB-AD4D-2A6CDD5C2409}.Release|Any CPU.ActiveCfg = Release|Any CPU
		{EFA79903-1CC3-4CBB-AD4D-2A6CDD5C2409}.Release|Any CPU.Build.0 = Release|Any CPU
		{BA50FC73-D46C-4D5F-B6FA-8EE9A1B28A8F}.Debug|Any CPU.ActiveCfg = Debug|Any CPU
		{BA50FC73-D46C-4D5F-B6FA-8EE9A1B28A8F}.Debug|Any CPU.Build.0 = Debug|Any CPU
		{BA50FC73-D46C-4D5F-B6FA-8EE9A1B28A8F}.Release|Any CPU.ActiveCfg = Release|Any CPU
		{BA50FC73-D46C-4D5F-B6FA-8EE9A1B28A8F}.Release|Any CPU.Build.0 = Release|Any CPU
		{5A098095-8856-4E91-85D0-B3849BFCC9BF}.Debug|Any CPU.ActiveCfg = Debug|Any CPU
		{5A098095-8856-4E91-85D0-B3849BFCC9BF}.Debug|Any CPU.Build.0 = Debug|Any CPU
		{5A098095-8856-4E91-85D0-B3849BFCC9BF}.Release|Any CPU.ActiveCfg = Release|Any CPU
		{5A098095-8856-4E91-85D0-B3849BFCC9BF}.Release|Any CPU.Build.0 = Release|Any CPU
		{C420D772-B9B1-4FEC-A138-1F37E9C76132}.Debug|Any CPU.ActiveCfg = Debug|Any CPU
		{C420D772-B9B1-4FEC-A138-1F37E9C76132}.Debug|Any CPU.Build.0 = Debug|Any CPU
		{C420D772-B9B1-4FEC-A138-1F37E9C76132}.Release|Any CPU.ActiveCfg = Release|Any CPU
		{C420D772-B9B1-4FEC-A138-1F37E9C76132}.Release|Any CPU.Build.0 = Release|Any CPU
		{7A4A96CE-2AA5-468C-BF6F-73C5DC969606}.Debug|Any CPU.ActiveCfg = Debug|Any CPU
		{7A4A96CE-2AA5-468C-BF6F-73C5DC969606}.Debug|Any CPU.Build.0 = Debug|Any CPU
		{7A4A96CE-2AA5-468C-BF6F-73C5DC969606}.Release|Any CPU.ActiveCfg = Release|Any CPU
		{7A4A96CE-2AA5-468C-BF6F-73C5DC969606}.Release|Any CPU.Build.0 = Release|Any CPU
		{5CD4B2C4-22AC-4F24-B519-0C7724CF3D9A}.Debug|Any CPU.ActiveCfg = Debug|Any CPU
		{5CD4B2C4-22AC-4F24-B519-0C7724CF3D9A}.Debug|Any CPU.Build.0 = Debug|Any CPU
		{5CD4B2C4-22AC-4F24-B519-0C7724CF3D9A}.Release|Any CPU.ActiveCfg = Release|Any CPU
		{5CD4B2C4-22AC-4F24-B519-0C7724CF3D9A}.Release|Any CPU.Build.0 = Release|Any CPU
		{28D5E8B9-6AC2-4F15-8032-EFF80C18641D}.Debug|Any CPU.ActiveCfg = Debug|Any CPU
		{28D5E8B9-6AC2-4F15-8032-EFF80C18641D}.Debug|Any CPU.Build.0 = Debug|Any CPU
		{28D5E8B9-6AC2-4F15-8032-EFF80C18641D}.Release|Any CPU.ActiveCfg = Release|Any CPU
		{28D5E8B9-6AC2-4F15-8032-EFF80C18641D}.Release|Any CPU.Build.0 = Release|Any CPU
		{BE9561D5-9624-4DB9-AFBE-DD394820D5EE}.Debug|Any CPU.ActiveCfg = Debug|Any CPU
		{BE9561D5-9624-4DB9-AFBE-DD394820D5EE}.Debug|Any CPU.Build.0 = Debug|Any CPU
		{BE9561D5-9624-4DB9-AFBE-DD394820D5EE}.Release|Any CPU.ActiveCfg = Release|Any CPU
		{BE9561D5-9624-4DB9-AFBE-DD394820D5EE}.Release|Any CPU.Build.0 = Release|Any CPU
		{662748CE-43D3-4A9C-9F96-762829D5690D}.Debug|Any CPU.ActiveCfg = Debug|Any CPU
		{662748CE-43D3-4A9C-9F96-762829D5690D}.Debug|Any CPU.Build.0 = Debug|Any CPU
		{662748CE-43D3-4A9C-9F96-762829D5690D}.Release|Any CPU.ActiveCfg = Release|Any CPU
		{662748CE-43D3-4A9C-9F96-762829D5690D}.Release|Any CPU.Build.0 = Release|Any CPU
		{647704CB-689C-4B9D-A07F-E76D1E09EFFD}.Debug|Any CPU.ActiveCfg = Debug|Any CPU
		{647704CB-689C-4B9D-A07F-E76D1E09EFFD}.Debug|Any CPU.Build.0 = Debug|Any CPU
		{647704CB-689C-4B9D-A07F-E76D1E09EFFD}.Release|Any CPU.ActiveCfg = Release|Any CPU
		{647704CB-689C-4B9D-A07F-E76D1E09EFFD}.Release|Any CPU.Build.0 = Release|Any CPU
	EndGlobalSection
	GlobalSection(SolutionProperties) = preSolution
		HideSolutionNode = FALSE
	EndGlobalSection
	GlobalSection(NestedProjects) = preSolution
		{BA50FC73-D46C-4D5F-B6FA-8EE9A1B28A8F} = {5EB49FC6-2CE5-4B66-A8F9-C3E91E1EA712}
		{5A098095-8856-4E91-85D0-B3849BFCC9BF} = {5EB49FC6-2CE5-4B66-A8F9-C3E91E1EA712}
		{C420D772-B9B1-4FEC-A138-1F37E9C76132} = {5EB49FC6-2CE5-4B66-A8F9-C3E91E1EA712}
		{7A4A96CE-2AA5-468C-BF6F-73C5DC969606} = {5EB49FC6-2CE5-4B66-A8F9-C3E91E1EA712}
		{5CD4B2C4-22AC-4F24-B519-0C7724CF3D9A} = {5EB49FC6-2CE5-4B66-A8F9-C3E91E1EA712}
	EndGlobalSection
	GlobalSection(ExtensibilityGlobals) = postSolution
		SolutionGuid = {66C8D9AB-6D90-4580-B7F5-6918517BCF14}
	EndGlobalSection
EndGlobal
