
Microsoft Visual Studio Solution File, Format Version 12.00
# Visual Studio Version 16
VisualStudioVersion = 16.0.29201.188
MinimumVisualStudioVersion = 10.0.40219.1
Project("{9A19103F-16F7-4668-BE54-9A1E7A4F7556}") = "TestApp", "TestApp\TestApp.csproj", "{CC2D67D7-F76C-4E11-BF93-3A50DB65B77A}"
EndProject
Project("{9A19103F-16F7-4668-BE54-9A1E7A4F7556}") = "Buffalo.Kernel", "Buffalo.Kernel\Buffalo.Kernel.csproj", "{9C4AC141-D7F1-4F3A-A56D-FD23BBDFB85E}"
EndProject
Project("{9A19103F-16F7-4668-BE54-9A1E7A4F7556}") = "Buffalo.DB", "Buffalo.DB\Buffalo.DB.csproj", "{ABE70DAA-718B-467D-9FA8-5E041BC84A87}"
EndProject
Global
	GlobalSection(SolutionConfigurationPlatforms) = preSolution
		Debug|Any CPU = Debug|Any CPU
		Release|Any CPU = Release|Any CPU
	EndGlobalSection
	GlobalSection(ProjectConfigurationPlatforms) = postSolution
		{CC2D67D7-F76C-4E11-BF93-3A50DB65B77A}.Debug|Any CPU.ActiveCfg = Debug|Any CPU
		{CC2D67D7-F76C-4E11-BF93-3A50DB65B77A}.Debug|Any CPU.Build.0 = Debug|Any CPU
		{CC2D67D7-F76C-4E11-BF93-3A50DB65B77A}.Release|Any CPU.ActiveCfg = Release|Any CPU
		{CC2D67D7-F76C-4E11-BF93-3A50DB65B77A}.Release|Any CPU.Build.0 = Release|Any CPU
		{9C4AC141-D7F1-4F3A-A56D-FD23BBDFB85E}.Debug|Any CPU.ActiveCfg = Debug|Any CPU
		{9C4AC141-D7F1-4F3A-A56D-FD23BBDFB85E}.Debug|Any CPU.Build.0 = Debug|Any CPU
		{9C4AC141-D7F1-4F3A-A56D-FD23BBDFB85E}.Release|Any CPU.ActiveCfg = Release|Any CPU
		{9C4AC141-D7F1-4F3A-A56D-FD23BBDFB85E}.Release|Any CPU.Build.0 = Release|Any CPU
		{ABE70DAA-718B-467D-9FA8-5E041BC84A87}.Debug|Any CPU.ActiveCfg = Debug|Any CPU
		{ABE70DAA-718B-467D-9FA8-5E041BC84A87}.Debug|Any CPU.Build.0 = Debug|Any CPU
		{ABE70DAA-718B-467D-9FA8-5E041BC84A87}.Release|Any CPU.ActiveCfg = Release|Any CPU
		{ABE70DAA-718B-467D-9FA8-5E041BC84A87}.Release|Any CPU.Build.0 = Release|Any CPU
	EndGlobalSection
	GlobalSection(SolutionProperties) = preSolution
		HideSolutionNode = FALSE
	EndGlobalSection
	GlobalSection(ExtensibilityGlobals) = postSolution
		SolutionGuid = {66C8D9AB-6D90-4580-B7F5-6918517BCF14}
	EndGlobalSection
EndGlobal
