
Microsoft Visual Studio Solution File, Format Version 9.00
# Visual Studio 2005
Project("{FAE04EC0-301F-11D3-BF4B-00C04F79EFBC}") = "Win7Score", "Win7Score\Win7Score.csproj", "{797DE00A-4C0B-48F7-9CA8-4B7EC14C2C7D}"
EndProject
Global
	GlobalSection(SolutionConfigurationPlatforms) = preSolution
		Debug|Any CPU = Debug|Any CPU
		Release|Any CPU = Release|Any CPU
	EndGlobalSection
	GlobalSection(ProjectConfigurationPlatforms) = postSolution
		{797DE00A-4C0B-48F7-9CA8-4B7EC14C2C7D}.Debug|Any CPU.ActiveCfg = Debug|Any CPU
		{797DE00A-4C0B-48F7-9CA8-4B7EC14C2C7D}.Debug|Any CPU.Build.0 = Debug|Any CPU
		{797DE00A-4C0B-48F7-9CA8-4B7EC14C2C7D}.Release|Any CPU.ActiveCfg = Release|Any CPU
		{797DE00A-4C0B-48F7-9CA8-4B7EC14C2C7D}.Release|Any CPU.Build.0 = Release|Any CPU
	EndGlobalSection
	GlobalSection(SolutionProperties) = preSolution
		HideSolutionNode = FALSE
	EndGlobalSection
EndGlobal
